// !$*UTF8*$!
{
	archiveVersion = 1;
	classes = {
	};
	objectVersion = 52;
	objects = {

/* Begin PBXBuildFile section */
		6040775925B45E1100C8972F /* AppDelegate.swift in Sources */ = {isa = PBXBuildFile; fileRef = 6040775825B45E1100C8972F /* AppDelegate.swift */; };
		6040775B25B45E1100C8972F /* SceneDelegate.swift in Sources */ = {isa = PBXBuildFile; fileRef = 6040775A25B45E1100C8972F /* SceneDelegate.swift */; };
		6040776225B45E1200C8972F /* Assets.xcassets in Resources */ = {isa = PBXBuildFile; fileRef = 6040776125B45E1200C8972F /* Assets.xcassets */; };
		6040776525B45E1200C8972F /* LaunchScreen.storyboard in Resources */ = {isa = PBXBuildFile; fileRef = 6040776325B45E1200C8972F /* LaunchScreen.storyboard */; };
		604077A525B4600D00C8972F /* HomeViewController.swift in Sources */ = {isa = PBXBuildFile; fileRef = 604077A325B4600D00C8972F /* HomeViewController.swift */; };
		604077A625B4600D00C8972F /* HomeViewController.xib in Resources */ = {isa = PBXBuildFile; fileRef = 604077A425B4600D00C8972F /* HomeViewController.xib */; };
		604077C325B462A100C8972F /* Protocols.swift in Sources */ = {isa = PBXBuildFile; fileRef = 604077C225B462A100C8972F /* Protocols.swift */; };
		604077C825B462A800C8972F /* BaseViewController.swift in Sources */ = {isa = PBXBuildFile; fileRef = 604077C725B462A800C8972F /* BaseViewController.swift */; };
		604077CD25B462B100C8972F /* ViewModel.swift in Sources */ = {isa = PBXBuildFile; fileRef = 604077CC25B462B100C8972F /* ViewModel.swift */; };
		604077D225B462B800C8972F /* ServiceLocator.swift in Sources */ = {isa = PBXBuildFile; fileRef = 604077D125B462B800C8972F /* ServiceLocator.swift */; };
		604077D725B462C100C8972F /* FiltrationModel.swift in Sources */ = {isa = PBXBuildFile; fileRef = 604077D625B462C100C8972F /* FiltrationModel.swift */; };
		604077E425B469C300C8972F /* PublishSubject.swift in Sources */ = {isa = PBXBuildFile; fileRef = 604077E025B469C300C8972F /* PublishSubject.swift */; };
		604077E525B469C300C8972F /* BehaviorSubject.swift in Sources */ = {isa = PBXBuildFile; fileRef = 604077E125B469C300C8972F /* BehaviorSubject.swift */; };
		604077E625B469C300C8972F /* Variable.swift in Sources */ = {isa = PBXBuildFile; fileRef = 604077E225B469C300C8972F /* Variable.swift */; };
		604077E725B469C300C8972F /* ObservationToken.swift in Sources */ = {isa = PBXBuildFile; fileRef = 604077E325B469C300C8972F /* ObservationToken.swift */; };
		6040780F25B46AF500C8972F /* Observable.swift in Sources */ = {isa = PBXBuildFile; fileRef = 6040780D25B46AF500C8972F /* Observable.swift */; };
		6040781025B46AF500C8972F /* Observer.swift in Sources */ = {isa = PBXBuildFile; fileRef = 6040780E25B46AF500C8972F /* Observer.swift */; };
		6040782825B4730C00C8972F /* Fonts.swift in Sources */ = {isa = PBXBuildFile; fileRef = 6040782625B4730C00C8972F /* Fonts.swift */; };
		6040782925B4730C00C8972F /* Assets.swift in Sources */ = {isa = PBXBuildFile; fileRef = 6040782725B4730C00C8972F /* Assets.swift */; };
		6040783825B473B700C8972F /* ColorPalette.xcassets in Resources */ = {isa = PBXBuildFile; fileRef = 6040783725B473B700C8972F /* ColorPalette.xcassets */; };
		6040784525B4776800C8972F /* 29LTAzer-Bold.otf in Resources */ = {isa = PBXBuildFile; fileRef = 6040781625B4724100C8972F /* 29LTAzer-Bold.otf */; };
		6040784625B4776800C8972F /* 29LTAzer-Medium.otf in Resources */ = {isa = PBXBuildFile; fileRef = 6040781725B4724100C8972F /* 29LTAzer-Medium.otf */; };
		6040784725B4776800C8972F /* 29LTAzer-Regular.otf in Resources */ = {isa = PBXBuildFile; fileRef = 6040781825B4724100C8972F /* 29LTAzer-Regular.otf */; };
		60C3484625B5BCBE00BD03AC /* Moya in Frameworks */ = {isa = PBXBuildFile; productRef = 60C3484525B5BCBE00BD03AC /* Moya */; };
		60C3485425B5BE9C00BD03AC /* ImageRepresentable.swift in Sources */ = {isa = PBXBuildFile; fileRef = 60C3485325B5BE9C00BD03AC /* ImageRepresentable.swift */; };
		60C3485925B5BEC700BD03AC /* UIImage+LoadImage.swift in Sources */ = {isa = PBXBuildFile; fileRef = 60C3485825B5BEC700BD03AC /* UIImage+LoadImage.swift */; };
		60C3485F25B5BEFF00BD03AC /* Kingfisher.framework in Frameworks */ = {isa = PBXBuildFile; fileRef = 60C3485E25B5BEFF00BD03AC /* Kingfisher.framework */; };
		60C3486025B5BEFF00BD03AC /* Kingfisher.framework in Embed Frameworks */ = {isa = PBXBuildFile; fileRef = 60C3485E25B5BEFF00BD03AC /* Kingfisher.framework */; settings = {ATTRIBUTES = (CodeSignOnCopy, RemoveHeadersOnCopy, ); }; };
		60D3219225B99B250030E5FA /* AppTab.swift in Sources */ = {isa = PBXBuildFile; fileRef = 60D3219125B99B250030E5FA /* AppTab.swift */; };
		60D3219625B99CA00030E5FA /* MainTabBarController.swift in Sources */ = {isa = PBXBuildFile; fileRef = 60D3219525B99CA00030E5FA /* MainTabBarController.swift */; };
		60D3219B25B99D7E0030E5FA /* HomeCoordinator.swift in Sources */ = {isa = PBXBuildFile; fileRef = 60D3219A25B99D7E0030E5FA /* HomeCoordinator.swift */; };
		60D321A225B99D9B0030E5FA /* Coordinator.swift in Sources */ = {isa = PBXBuildFile; fileRef = 60D321A125B99D9B0030E5FA /* Coordinator.swift */; };
		60D321AC25B9A0B20030E5FA /* AccountCoordinator.swift in Sources */ = {isa = PBXBuildFile; fileRef = 60D321AB25B9A0B20030E5FA /* AccountCoordinator.swift */; };
		60D321B225B9A0BE0030E5FA /* ChatCoordinator.swift in Sources */ = {isa = PBXBuildFile; fileRef = 60D321B125B9A0BE0030E5FA /* ChatCoordinator.swift */; };
		60D321B625B9A0CF0030E5FA /* NotificationCoordinator.swift in Sources */ = {isa = PBXBuildFile; fileRef = 60D321B525B9A0CF0030E5FA /* NotificationCoordinator.swift */; };
		60D321BE25B9AAFB0030E5FA /* AccountViewController.swift in Sources */ = {isa = PBXBuildFile; fileRef = 60D321BC25B9AAFB0030E5FA /* AccountViewController.swift */; };
		60D321BF25B9AAFB0030E5FA /* AccountViewController.xib in Resources */ = {isa = PBXBuildFile; fileRef = 60D321BD25B9AAFB0030E5FA /* AccountViewController.xib */; };
		60D321C725B9AB850030E5FA /* ChatViewController.swift in Sources */ = {isa = PBXBuildFile; fileRef = 60D321C525B9AB850030E5FA /* ChatViewController.swift */; };
		60D321C825B9AB850030E5FA /* ChatViewController.xib in Resources */ = {isa = PBXBuildFile; fileRef = 60D321C625B9AB850030E5FA /* ChatViewController.xib */; };
		60D321CE25B9ABE10030E5FA /* NotificationViewController.swift in Sources */ = {isa = PBXBuildFile; fileRef = 60D321CC25B9ABE10030E5FA /* NotificationViewController.swift */; };
		60D321CF25B9ABE10030E5FA /* NotificationViewController.xib in Resources */ = {isa = PBXBuildFile; fileRef = 60D321CD25B9ABE10030E5FA /* NotificationViewController.xib */; };
		60D321D525B9B6F70030E5FA /* TabBarItem + ImageOnly.swift in Sources */ = {isa = PBXBuildFile; fileRef = 60D321D425B9B6F70030E5FA /* TabBarItem + ImageOnly.swift */; };
		60D321DC25B9B8EA0030E5FA /* ApplicationCoordinator.swift in Sources */ = {isa = PBXBuildFile; fileRef = 60D321DB25B9B8EA0030E5FA /* ApplicationCoordinator.swift */; };
		60D321ED25BD6A4B0030E5FA /* State.swift in Sources */ = {isa = PBXBuildFile; fileRef = 60D321EC25BD6A4B0030E5FA /* State.swift */; };
		60D321F325BD6AC00030E5FA /* BaseVeiwModel.swift in Sources */ = {isa = PBXBuildFile; fileRef = 60D321F225BD6AC00030E5FA /* BaseVeiwModel.swift */; };
		60D321F725BD6B080030E5FA /* UIViewController.swift+Loadding+Alert.swift in Sources */ = {isa = PBXBuildFile; fileRef = 60D321F625BD6B080030E5FA /* UIViewController.swift+Loadding+Alert.swift */; };
		60D321FB25BD6B440030E5FA /* NSObject+Helpers.swift in Sources */ = {isa = PBXBuildFile; fileRef = 60D321FA25BD6B440030E5FA /* NSObject+Helpers.swift */; };
		60D321FF25BD6B5B0030E5FA /* UIView+Helpers.swift in Sources */ = {isa = PBXBuildFile; fileRef = 60D321FE25BD6B5B0030E5FA /* UIView+Helpers.swift */; };
		60D3220D25BD70200030E5FA /* SearchPepoleViewController.swift in Sources */ = {isa = PBXBuildFile; fileRef = 60D3220B25BD70200030E5FA /* SearchPepoleViewController.swift */; };
		60D3220E25BD70200030E5FA /* SearchPepoleViewController.xib in Resources */ = {isa = PBXBuildFile; fileRef = 60D3220C25BD70200030E5FA /* SearchPepoleViewController.xib */; };
		60D3221525BD72C20030E5FA /* SearchCoordinator.swift in Sources */ = {isa = PBXBuildFile; fileRef = 60D3221425BD72C20030E5FA /* SearchCoordinator.swift */; };
		60D3221B25BD74610030E5FA /* BaseNavigationController.swift in Sources */ = {isa = PBXBuildFile; fileRef = 60D3221A25BD74610030E5FA /* BaseNavigationController.swift */; };
		60D3222025BD78B80030E5FA /* SMESearchBar.swift in Sources */ = {isa = PBXBuildFile; fileRef = 60D3221F25BD78B80030E5FA /* SMESearchBar.swift */; };
		60D3222F25BD8CA40030E5FA /* UITableViewCell + Helpers.swift in Sources */ = {isa = PBXBuildFile; fileRef = 60D3222E25BD8CA40030E5FA /* UITableViewCell + Helpers.swift */; };
		60D3223325BD8D150030E5FA /* UICollectionViewCell + Helpers.swift in Sources */ = {isa = PBXBuildFile; fileRef = 60D3223225BD8D150030E5FA /* UICollectionViewCell + Helpers.swift */; };
		60D3223E25BD93770030E5FA /* FiltrationCollectionViewCell.xib in Resources */ = {isa = PBXBuildFile; fileRef = 60D3222725BD82340030E5FA /* FiltrationCollectionViewCell.xib */; };
		60D3224125BD93880030E5FA /* FiltrationCollectionViewCell.swift in Sources */ = {isa = PBXBuildFile; fileRef = 60D3222625BD82340030E5FA /* FiltrationCollectionViewCell.swift */; };
		60D3224D25BDAD750030E5FA /* SearchPepoleViewModel.swift in Sources */ = {isa = PBXBuildFile; fileRef = 60D3224C25BDAD750030E5FA /* SearchPepoleViewModel.swift */; };
		60D3225D25BDB1F40030E5FA /* FiltrationCell + Representable.swift in Sources */ = {isa = PBXBuildFile; fileRef = 60D3225C25BDB1F40030E5FA /* FiltrationCell + Representable.swift */; };
		60D3226125BDB29B0030E5FA /* FiltrationCellRepresentable.swift in Sources */ = {isa = PBXBuildFile; fileRef = 60D3226025BDB29B0030E5FA /* FiltrationCellRepresentable.swift */; };
		60F785BE25BEC151008978D5 /* SearchPepoleDataSource.swift in Sources */ = {isa = PBXBuildFile; fileRef = 60F785BD25BEC151008978D5 /* SearchPepoleDataSource.swift */; };
		60F785CD25BED080008978D5 /* Contributors.swift in Sources */ = {isa = PBXBuildFile; fileRef = 60F785CC25BED080008978D5 /* Contributors.swift */; };
		60F785D125BED1CC008978D5 /* Contributor.swift in Sources */ = {isa = PBXBuildFile; fileRef = 60F785D025BED1CC008978D5 /* Contributor.swift */; };
		60F785D825BED382008978D5 /* ContributorTableViewCell.swift in Sources */ = {isa = PBXBuildFile; fileRef = 60F785D625BED382008978D5 /* ContributorTableViewCell.swift */; };
		60F785D925BED382008978D5 /* ContributorTableViewCell.xib in Resources */ = {isa = PBXBuildFile; fileRef = 60F785D725BED382008978D5 /* ContributorTableViewCell.xib */; };
		60F785DD25BED5CB008978D5 /* ContributorCellRepresentable.swift in Sources */ = {isa = PBXBuildFile; fileRef = 60F785DC25BED5CB008978D5 /* ContributorCellRepresentable.swift */; };
		60F785E125BED755008978D5 /* Contributor+Representable.swift in Sources */ = {isa = PBXBuildFile; fileRef = 60F785E025BED755008978D5 /* Contributor+Representable.swift */; };
		60F785E625BF11A6008978D5 /* ContributorsHeaderView.swift in Sources */ = {isa = PBXBuildFile; fileRef = 60F785E525BF11A6008978D5 /* ContributorsHeaderView.swift */; };
		60F785EA25BF11B1008978D5 /* ContributorsHeaderView.xib in Resources */ = {isa = PBXBuildFile; fileRef = 60F785E925BF11B1008978D5 /* ContributorsHeaderView.xib */; };
		E0FC1BD525B55BFF00EDAE4E /* EndPoint.swift in Sources */ = {isa = PBXBuildFile; fileRef = E0FC1BD425B55BFF00EDAE4E /* EndPoint.swift */; };
		E0FC1BDA25B55C9500EDAE4E /* EndPoint+TargetType.swift in Sources */ = {isa = PBXBuildFile; fileRef = E0FC1BD925B55C9500EDAE4E /* EndPoint+TargetType.swift */; };
		E0FC1BDF25B55EF100EDAE4E /* Enviroment.swift in Sources */ = {isa = PBXBuildFile; fileRef = E0FC1BDE25B55EF100EDAE4E /* Enviroment.swift */; };
		E0FC1BF225B561D500EDAE4E /* KeyConstants.swift in Sources */ = {isa = PBXBuildFile; fileRef = E0FC1BF125B561D500EDAE4E /* KeyConstants.swift */; };
		E0FC1BF925B5632F00EDAE4E /* NetworkManger.swift in Sources */ = {isa = PBXBuildFile; fileRef = E0FC1BF825B5632F00EDAE4E /* NetworkManger.swift */; };
		E0FC1BFE25B567EC00EDAE4E /* NetworkError.swift in Sources */ = {isa = PBXBuildFile; fileRef = E0FC1BFD25B567EC00EDAE4E /* NetworkError.swift */; };
		E0FC1C0F25B56CCE00EDAE4E /* Encodable+Extention.swift in Sources */ = {isa = PBXBuildFile; fileRef = E0FC1C0E25B56CCE00EDAE4E /* Encodable+Extention.swift */; };
		E0FC1C1525B56FE700EDAE4E /* Production.xcconfig in Resources */ = {isa = PBXBuildFile; fileRef = E0FC1C1325B56FE700EDAE4E /* Production.xcconfig */; };
		E0FC1C1625B56FE700EDAE4E /* Staging.xcconfig in Resources */ = {isa = PBXBuildFile; fileRef = E0FC1C1425B56FE700EDAE4E /* Staging.xcconfig */; };
/* End PBXBuildFile section */

/* Begin PBXContainerItemProxy section */
		6040776C25B45E1200C8972F /* PBXContainerItemProxy */ = {
			isa = PBXContainerItemProxy;
			containerPortal = 6040774D25B45E1100C8972F /* Project object */;
			proxyType = 1;
			remoteGlobalIDString = 6040775425B45E1100C8972F;
			remoteInfo = "iOS-Sample-mvvm";
		};
		6040777725B45E1300C8972F /* PBXContainerItemProxy */ = {
			isa = PBXContainerItemProxy;
			containerPortal = 6040774D25B45E1100C8972F /* Project object */;
			proxyType = 1;
			remoteGlobalIDString = 6040775425B45E1100C8972F;
			remoteInfo = "iOS-Sample-mvvm";
		};
/* End PBXContainerItemProxy section */

/* Begin PBXCopyFilesBuildPhase section */
		60C3486125B5BEFF00BD03AC /* Embed Frameworks */ = {
			isa = PBXCopyFilesBuildPhase;
			buildActionMask = 2147483647;
			dstPath = "";
			dstSubfolderSpec = 10;
			files = (
				60C3486025B5BEFF00BD03AC /* Kingfisher.framework in Embed Frameworks */,
			);
			name = "Embed Frameworks";
			runOnlyForDeploymentPostprocessing = 0;
		};
/* End PBXCopyFilesBuildPhase section */

/* Begin PBXFileReference section */
		6040775525B45E1100C8972F /* iOS-Sample-mvvm.app */ = {isa = PBXFileReference; explicitFileType = wrapper.application; includeInIndex = 0; path = "iOS-Sample-mvvm.app"; sourceTree = BUILT_PRODUCTS_DIR; };
		6040775825B45E1100C8972F /* AppDelegate.swift */ = {isa = PBXFileReference; lastKnownFileType = sourcecode.swift; path = AppDelegate.swift; sourceTree = "<group>"; };
		6040775A25B45E1100C8972F /* SceneDelegate.swift */ = {isa = PBXFileReference; lastKnownFileType = sourcecode.swift; path = SceneDelegate.swift; sourceTree = "<group>"; };
		6040776125B45E1200C8972F /* Assets.xcassets */ = {isa = PBXFileReference; lastKnownFileType = folder.assetcatalog; path = Assets.xcassets; sourceTree = "<group>"; };
		6040776425B45E1200C8972F /* Base */ = {isa = PBXFileReference; lastKnownFileType = file.storyboard; name = Base; path = Base.lproj/LaunchScreen.storyboard; sourceTree = "<group>"; };
		6040776625B45E1200C8972F /* Info.plist */ = {isa = PBXFileReference; lastKnownFileType = text.plist.xml; path = Info.plist; sourceTree = "<group>"; };
		6040776B25B45E1200C8972F /* iOS-Sample-mvvmTests.xctest */ = {isa = PBXFileReference; explicitFileType = wrapper.cfbundle; includeInIndex = 0; path = "iOS-Sample-mvvmTests.xctest"; sourceTree = BUILT_PRODUCTS_DIR; };
		6040777125B45E1300C8972F /* Info.plist */ = {isa = PBXFileReference; lastKnownFileType = text.plist.xml; path = Info.plist; sourceTree = "<group>"; };
		6040777625B45E1300C8972F /* iOS-Sample-mvvmUITests.xctest */ = {isa = PBXFileReference; explicitFileType = wrapper.cfbundle; includeInIndex = 0; path = "iOS-Sample-mvvmUITests.xctest"; sourceTree = BUILT_PRODUCTS_DIR; };
		6040777C25B45E1300C8972F /* Info.plist */ = {isa = PBXFileReference; lastKnownFileType = text.plist.xml; path = Info.plist; sourceTree = "<group>"; };
		604077A325B4600D00C8972F /* HomeViewController.swift */ = {isa = PBXFileReference; lastKnownFileType = sourcecode.swift; path = HomeViewController.swift; sourceTree = "<group>"; };
		604077A425B4600D00C8972F /* HomeViewController.xib */ = {isa = PBXFileReference; lastKnownFileType = file.xib; path = HomeViewController.xib; sourceTree = "<group>"; };
		604077C225B462A100C8972F /* Protocols.swift */ = {isa = PBXFileReference; lastKnownFileType = sourcecode.swift; path = Protocols.swift; sourceTree = "<group>"; };
		604077C725B462A800C8972F /* BaseViewController.swift */ = {isa = PBXFileReference; lastKnownFileType = sourcecode.swift; path = BaseViewController.swift; sourceTree = "<group>"; };
		604077CC25B462B100C8972F /* ViewModel.swift */ = {isa = PBXFileReference; lastKnownFileType = sourcecode.swift; path = ViewModel.swift; sourceTree = "<group>"; };
		604077D125B462B800C8972F /* ServiceLocator.swift */ = {isa = PBXFileReference; lastKnownFileType = sourcecode.swift; path = ServiceLocator.swift; sourceTree = "<group>"; };
		604077D625B462C100C8972F /* FiltrationModel.swift */ = {isa = PBXFileReference; lastKnownFileType = sourcecode.swift; path = FiltrationModel.swift; sourceTree = "<group>"; };
		604077E025B469C300C8972F /* PublishSubject.swift */ = {isa = PBXFileReference; fileEncoding = 4; lastKnownFileType = sourcecode.swift; path = PublishSubject.swift; sourceTree = "<group>"; };
		604077E125B469C300C8972F /* BehaviorSubject.swift */ = {isa = PBXFileReference; fileEncoding = 4; lastKnownFileType = sourcecode.swift; path = BehaviorSubject.swift; sourceTree = "<group>"; };
		604077E225B469C300C8972F /* Variable.swift */ = {isa = PBXFileReference; fileEncoding = 4; lastKnownFileType = sourcecode.swift; path = Variable.swift; sourceTree = "<group>"; };
		604077E325B469C300C8972F /* ObservationToken.swift */ = {isa = PBXFileReference; fileEncoding = 4; lastKnownFileType = sourcecode.swift; path = ObservationToken.swift; sourceTree = "<group>"; };
		6040780D25B46AF500C8972F /* Observable.swift */ = {isa = PBXFileReference; fileEncoding = 4; lastKnownFileType = sourcecode.swift; path = Observable.swift; sourceTree = "<group>"; };
		6040780E25B46AF500C8972F /* Observer.swift */ = {isa = PBXFileReference; fileEncoding = 4; lastKnownFileType = sourcecode.swift; path = Observer.swift; sourceTree = "<group>"; };
		6040781625B4724100C8972F /* 29LTAzer-Bold.otf */ = {isa = PBXFileReference; lastKnownFileType = file; path = "29LTAzer-Bold.otf"; sourceTree = "<group>"; };
		6040781725B4724100C8972F /* 29LTAzer-Medium.otf */ = {isa = PBXFileReference; lastKnownFileType = file; path = "29LTAzer-Medium.otf"; sourceTree = "<group>"; };
		6040781825B4724100C8972F /* 29LTAzer-Regular.otf */ = {isa = PBXFileReference; lastKnownFileType = file; path = "29LTAzer-Regular.otf"; sourceTree = "<group>"; };
		6040782625B4730C00C8972F /* Fonts.swift */ = {isa = PBXFileReference; fileEncoding = 4; lastKnownFileType = sourcecode.swift; path = Fonts.swift; sourceTree = "<group>"; };
		6040782725B4730C00C8972F /* Assets.swift */ = {isa = PBXFileReference; fileEncoding = 4; lastKnownFileType = sourcecode.swift; path = Assets.swift; sourceTree = "<group>"; };
		6040783725B473B700C8972F /* ColorPalette.xcassets */ = {isa = PBXFileReference; lastKnownFileType = folder.assetcatalog; path = ColorPalette.xcassets; sourceTree = "<group>"; };
		60C3485325B5BE9C00BD03AC /* ImageRepresentable.swift */ = {isa = PBXFileReference; lastKnownFileType = sourcecode.swift; path = ImageRepresentable.swift; sourceTree = "<group>"; };
		60C3485825B5BEC700BD03AC /* UIImage+LoadImage.swift */ = {isa = PBXFileReference; lastKnownFileType = sourcecode.swift; path = "UIImage+LoadImage.swift"; sourceTree = "<group>"; };
		60C3485E25B5BEFF00BD03AC /* Kingfisher.framework */ = {isa = PBXFileReference; lastKnownFileType = wrapper.framework; name = Kingfisher.framework; path = Carthage/Build/iOS/Kingfisher.framework; sourceTree = "<group>"; };
		60D3219125B99B250030E5FA /* AppTab.swift */ = {isa = PBXFileReference; lastKnownFileType = sourcecode.swift; path = AppTab.swift; sourceTree = "<group>"; };
		60D3219525B99CA00030E5FA /* MainTabBarController.swift */ = {isa = PBXFileReference; lastKnownFileType = sourcecode.swift; path = MainTabBarController.swift; sourceTree = "<group>"; };
		60D3219A25B99D7E0030E5FA /* HomeCoordinator.swift */ = {isa = PBXFileReference; lastKnownFileType = sourcecode.swift; path = HomeCoordinator.swift; sourceTree = "<group>"; };
		60D321A125B99D9B0030E5FA /* Coordinator.swift */ = {isa = PBXFileReference; lastKnownFileType = sourcecode.swift; path = Coordinator.swift; sourceTree = "<group>"; };
		60D321AB25B9A0B20030E5FA /* AccountCoordinator.swift */ = {isa = PBXFileReference; lastKnownFileType = sourcecode.swift; path = AccountCoordinator.swift; sourceTree = "<group>"; };
		60D321B125B9A0BE0030E5FA /* ChatCoordinator.swift */ = {isa = PBXFileReference; lastKnownFileType = sourcecode.swift; path = ChatCoordinator.swift; sourceTree = "<group>"; };
		60D321B525B9A0CF0030E5FA /* NotificationCoordinator.swift */ = {isa = PBXFileReference; lastKnownFileType = sourcecode.swift; path = NotificationCoordinator.swift; sourceTree = "<group>"; };
		60D321BC25B9AAFB0030E5FA /* AccountViewController.swift */ = {isa = PBXFileReference; lastKnownFileType = sourcecode.swift; path = AccountViewController.swift; sourceTree = "<group>"; };
		60D321BD25B9AAFB0030E5FA /* AccountViewController.xib */ = {isa = PBXFileReference; lastKnownFileType = file.xib; path = AccountViewController.xib; sourceTree = "<group>"; };
		60D321C525B9AB850030E5FA /* ChatViewController.swift */ = {isa = PBXFileReference; lastKnownFileType = sourcecode.swift; path = ChatViewController.swift; sourceTree = "<group>"; };
		60D321C625B9AB850030E5FA /* ChatViewController.xib */ = {isa = PBXFileReference; lastKnownFileType = file.xib; path = ChatViewController.xib; sourceTree = "<group>"; };
		60D321CC25B9ABE10030E5FA /* NotificationViewController.swift */ = {isa = PBXFileReference; lastKnownFileType = sourcecode.swift; path = NotificationViewController.swift; sourceTree = "<group>"; };
		60D321CD25B9ABE10030E5FA /* NotificationViewController.xib */ = {isa = PBXFileReference; lastKnownFileType = file.xib; path = NotificationViewController.xib; sourceTree = "<group>"; };
		60D321D425B9B6F70030E5FA /* TabBarItem + ImageOnly.swift */ = {isa = PBXFileReference; lastKnownFileType = sourcecode.swift; path = "TabBarItem + ImageOnly.swift"; sourceTree = "<group>"; };
		60D321DB25B9B8EA0030E5FA /* ApplicationCoordinator.swift */ = {isa = PBXFileReference; lastKnownFileType = sourcecode.swift; path = ApplicationCoordinator.swift; sourceTree = "<group>"; };
		60D321EC25BD6A4B0030E5FA /* State.swift */ = {isa = PBXFileReference; lastKnownFileType = sourcecode.swift; path = State.swift; sourceTree = "<group>"; };
		60D321F225BD6AC00030E5FA /* BaseVeiwModel.swift */ = {isa = PBXFileReference; lastKnownFileType = sourcecode.swift; path = BaseVeiwModel.swift; sourceTree = "<group>"; };
		60D321F625BD6B080030E5FA /* UIViewController.swift+Loadding+Alert.swift */ = {isa = PBXFileReference; lastKnownFileType = sourcecode.swift; path = "UIViewController.swift+Loadding+Alert.swift"; sourceTree = "<group>"; };
		60D321FA25BD6B440030E5FA /* NSObject+Helpers.swift */ = {isa = PBXFileReference; lastKnownFileType = sourcecode.swift; path = "NSObject+Helpers.swift"; sourceTree = "<group>"; };
		60D321FE25BD6B5B0030E5FA /* UIView+Helpers.swift */ = {isa = PBXFileReference; lastKnownFileType = sourcecode.swift; path = "UIView+Helpers.swift"; sourceTree = "<group>"; };
		60D3220B25BD70200030E5FA /* SearchPepoleViewController.swift */ = {isa = PBXFileReference; lastKnownFileType = sourcecode.swift; path = SearchPepoleViewController.swift; sourceTree = "<group>"; };
		60D3220C25BD70200030E5FA /* SearchPepoleViewController.xib */ = {isa = PBXFileReference; lastKnownFileType = file.xib; path = SearchPepoleViewController.xib; sourceTree = "<group>"; };
		60D3221425BD72C20030E5FA /* SearchCoordinator.swift */ = {isa = PBXFileReference; lastKnownFileType = sourcecode.swift; path = SearchCoordinator.swift; sourceTree = "<group>"; };
		60D3221A25BD74610030E5FA /* BaseNavigationController.swift */ = {isa = PBXFileReference; lastKnownFileType = sourcecode.swift; path = BaseNavigationController.swift; sourceTree = "<group>"; };
		60D3221F25BD78B80030E5FA /* SMESearchBar.swift */ = {isa = PBXFileReference; lastKnownFileType = sourcecode.swift; path = SMESearchBar.swift; sourceTree = "<group>"; };
		60D3222625BD82340030E5FA /* FiltrationCollectionViewCell.swift */ = {isa = PBXFileReference; lastKnownFileType = sourcecode.swift; path = FiltrationCollectionViewCell.swift; sourceTree = "<group>"; };
		60D3222725BD82340030E5FA /* FiltrationCollectionViewCell.xib */ = {isa = PBXFileReference; lastKnownFileType = file.xib; path = FiltrationCollectionViewCell.xib; sourceTree = "<group>"; };
		60D3222E25BD8CA40030E5FA /* UITableViewCell + Helpers.swift */ = {isa = PBXFileReference; fileEncoding = 4; lastKnownFileType = sourcecode.swift; path = "UITableViewCell + Helpers.swift"; sourceTree = "<group>"; };
		60D3223225BD8D150030E5FA /* UICollectionViewCell + Helpers.swift */ = {isa = PBXFileReference; lastKnownFileType = sourcecode.swift; path = "UICollectionViewCell + Helpers.swift"; sourceTree = "<group>"; };
		60D3224C25BDAD750030E5FA /* SearchPepoleViewModel.swift */ = {isa = PBXFileReference; lastKnownFileType = sourcecode.swift; path = SearchPepoleViewModel.swift; sourceTree = "<group>"; };
		60D3225C25BDB1F40030E5FA /* FiltrationCell + Representable.swift */ = {isa = PBXFileReference; lastKnownFileType = sourcecode.swift; path = "FiltrationCell + Representable.swift"; sourceTree = "<group>"; };
		60D3226025BDB29B0030E5FA /* FiltrationCellRepresentable.swift */ = {isa = PBXFileReference; lastKnownFileType = sourcecode.swift; path = FiltrationCellRepresentable.swift; sourceTree = "<group>"; };
		60F785BD25BEC151008978D5 /* SearchPepoleDataSource.swift */ = {isa = PBXFileReference; lastKnownFileType = sourcecode.swift; path = SearchPepoleDataSource.swift; sourceTree = "<group>"; };
		60F785CC25BED080008978D5 /* Contributors.swift */ = {isa = PBXFileReference; lastKnownFileType = sourcecode.swift; path = Contributors.swift; sourceTree = "<group>"; };
		60F785D025BED1CC008978D5 /* Contributor.swift */ = {isa = PBXFileReference; lastKnownFileType = sourcecode.swift; path = Contributor.swift; sourceTree = "<group>"; };
		60F785D625BED382008978D5 /* ContributorTableViewCell.swift */ = {isa = PBXFileReference; lastKnownFileType = sourcecode.swift; path = ContributorTableViewCell.swift; sourceTree = "<group>"; };
		60F785D725BED382008978D5 /* ContributorTableViewCell.xib */ = {isa = PBXFileReference; lastKnownFileType = file.xib; path = ContributorTableViewCell.xib; sourceTree = "<group>"; };
		60F785DC25BED5CB008978D5 /* ContributorCellRepresentable.swift */ = {isa = PBXFileReference; lastKnownFileType = sourcecode.swift; path = ContributorCellRepresentable.swift; sourceTree = "<group>"; };
		60F785E025BED755008978D5 /* Contributor+Representable.swift */ = {isa = PBXFileReference; lastKnownFileType = sourcecode.swift; path = "Contributor+Representable.swift"; sourceTree = "<group>"; };
		60F785E525BF11A6008978D5 /* ContributorsHeaderView.swift */ = {isa = PBXFileReference; lastKnownFileType = sourcecode.swift; path = ContributorsHeaderView.swift; sourceTree = "<group>"; };
		60F785E925BF11B1008978D5 /* ContributorsHeaderView.xib */ = {isa = PBXFileReference; lastKnownFileType = file.xib; path = ContributorsHeaderView.xib; sourceTree = "<group>"; };
		E01D614B25B6DE6B007E39FE /* Development.xcconfig */ = {isa = PBXFileReference; lastKnownFileType = text.xcconfig; path = Development.xcconfig; sourceTree = "<group>"; };
		E01D617B25B6EDE1007E39FE /* BaseProduction.xcconfig */ = {isa = PBXFileReference; lastKnownFileType = text.xcconfig; path = BaseProduction.xcconfig; sourceTree = "<group>"; };
		E01D617C25B6EDFC007E39FE /* BaseStaging.xcconfig */ = {isa = PBXFileReference; lastKnownFileType = text.xcconfig; path = BaseStaging.xcconfig; sourceTree = "<group>"; };
		E01D617E25B6EE1A007E39FE /* BaseDevelopment.xcconfig */ = {isa = PBXFileReference; lastKnownFileType = text.xcconfig; path = BaseDevelopment.xcconfig; sourceTree = "<group>"; };
		E0FC1BD425B55BFF00EDAE4E /* EndPoint.swift */ = {isa = PBXFileReference; lastKnownFileType = sourcecode.swift; path = EndPoint.swift; sourceTree = "<group>"; };
		E0FC1BD925B55C9500EDAE4E /* EndPoint+TargetType.swift */ = {isa = PBXFileReference; lastKnownFileType = sourcecode.swift; path = "EndPoint+TargetType.swift"; sourceTree = "<group>"; };
		E0FC1BDE25B55EF100EDAE4E /* Enviroment.swift */ = {isa = PBXFileReference; lastKnownFileType = sourcecode.swift; path = Enviroment.swift; sourceTree = "<group>"; };
		E0FC1BF125B561D500EDAE4E /* KeyConstants.swift */ = {isa = PBXFileReference; lastKnownFileType = sourcecode.swift; path = KeyConstants.swift; sourceTree = "<group>"; };
		E0FC1BF825B5632F00EDAE4E /* NetworkManger.swift */ = {isa = PBXFileReference; lastKnownFileType = sourcecode.swift; path = NetworkManger.swift; sourceTree = "<group>"; };
		E0FC1BFD25B567EC00EDAE4E /* NetworkError.swift */ = {isa = PBXFileReference; lastKnownFileType = sourcecode.swift; path = NetworkError.swift; sourceTree = "<group>"; };
		E0FC1C0E25B56CCE00EDAE4E /* Encodable+Extention.swift */ = {isa = PBXFileReference; lastKnownFileType = sourcecode.swift; path = "Encodable+Extention.swift"; sourceTree = "<group>"; };
		E0FC1C1325B56FE700EDAE4E /* Production.xcconfig */ = {isa = PBXFileReference; fileEncoding = 4; lastKnownFileType = text.xcconfig; path = Production.xcconfig; sourceTree = "<group>"; };
		E0FC1C1425B56FE700EDAE4E /* Staging.xcconfig */ = {isa = PBXFileReference; fileEncoding = 4; lastKnownFileType = text.xcconfig; path = Staging.xcconfig; sourceTree = "<group>"; };
/* End PBXFileReference section */

/* Begin PBXFrameworksBuildPhase section */
		6040775225B45E1100C8972F /* Frameworks */ = {
			isa = PBXFrameworksBuildPhase;
			buildActionMask = 2147483647;
			files = (
				60C3485F25B5BEFF00BD03AC /* Kingfisher.framework in Frameworks */,
				60C3484625B5BCBE00BD03AC /* Moya in Frameworks */,
			);
			runOnlyForDeploymentPostprocessing = 0;
		};
		6040776825B45E1200C8972F /* Frameworks */ = {
			isa = PBXFrameworksBuildPhase;
			buildActionMask = 2147483647;
			files = (
			);
			runOnlyForDeploymentPostprocessing = 0;
		};
		6040777325B45E1300C8972F /* Frameworks */ = {
			isa = PBXFrameworksBuildPhase;
			buildActionMask = 2147483647;
			files = (
			);
			runOnlyForDeploymentPostprocessing = 0;
		};
/* End PBXFrameworksBuildPhase section */

/* Begin PBXGroup section */
		6040774C25B45E1100C8972F = {
			isa = PBXGroup;
			children = (
				6040775725B45E1100C8972F /* iOS-Sample-mvvm */,
				6040776E25B45E1200C8972F /* iOS-Sample-mvvmTests */,
				6040777925B45E1300C8972F /* iOS-Sample-mvvmUITests */,
				6040775625B45E1100C8972F /* Products */,
				60C3485D25B5BEFF00BD03AC /* Frameworks */,
			);
			sourceTree = "<group>";
		};
		6040775625B45E1100C8972F /* Products */ = {
			isa = PBXGroup;
			children = (
				6040775525B45E1100C8972F /* iOS-Sample-mvvm.app */,
				6040776B25B45E1200C8972F /* iOS-Sample-mvvmTests.xctest */,
				6040777625B45E1300C8972F /* iOS-Sample-mvvmUITests.xctest */,
			);
			name = Products;
			sourceTree = "<group>";
		};
		6040775725B45E1100C8972F /* iOS-Sample-mvvm */ = {
			isa = PBXGroup;
			children = (
				6040779125B45E5C00C8972F /* Configurations */,
				6040779225B45E7300C8972F /* Resources */,
				6040779625B45EB500C8972F /* Extensions */,
				6040779725B45EC400C8972F /* Classes */,
				6040779B25B45EEC00C8972F /* Networking */,
				6040775825B45E1100C8972F /* AppDelegate.swift */,
				6040775A25B45E1100C8972F /* SceneDelegate.swift */,
				6040776325B45E1200C8972F /* LaunchScreen.storyboard */,
			);
			path = "iOS-Sample-mvvm";
			sourceTree = "<group>";
		};
		6040776E25B45E1200C8972F /* iOS-Sample-mvvmTests */ = {
			isa = PBXGroup;
			children = (
				6040777125B45E1300C8972F /* Info.plist */,
			);
			path = "iOS-Sample-mvvmTests";
			sourceTree = "<group>";
		};
		6040777925B45E1300C8972F /* iOS-Sample-mvvmUITests */ = {
			isa = PBXGroup;
			children = (
				6040777C25B45E1300C8972F /* Info.plist */,
			);
			path = "iOS-Sample-mvvmUITests";
			sourceTree = "<group>";
		};
		6040779125B45E5C00C8972F /* Configurations */ = {
			isa = PBXGroup;
			children = (
				E01D617E25B6EE1A007E39FE /* BaseDevelopment.xcconfig */,
				E01D617C25B6EDFC007E39FE /* BaseStaging.xcconfig */,
				E01D617B25B6EDE1007E39FE /* BaseProduction.xcconfig */,
				E01D614B25B6DE6B007E39FE /* Development.xcconfig */,
				E0FC1C1425B56FE700EDAE4E /* Staging.xcconfig */,
				E0FC1C1325B56FE700EDAE4E /* Production.xcconfig */,
			);
			path = Configurations;
			sourceTree = "<group>";
		};
		6040779225B45E7300C8972F /* Resources */ = {
			isa = PBXGroup;
			children = (
				6040781525B4722B00C8972F /* Fonts */,
				6040776625B45E1200C8972F /* Info.plist */,
				6040776125B45E1200C8972F /* Assets.xcassets */,
				6040783725B473B700C8972F /* ColorPalette.xcassets */,
				6040781425B471EF00C8972F /* Generated */,
			);
			path = Resources;
			sourceTree = "<group>";
		};
		6040779625B45EB500C8972F /* Extensions */ = {
			isa = PBXGroup;
			children = (
				60C3485825B5BEC700BD03AC /* UIImage+LoadImage.swift */,
				60D321D425B9B6F70030E5FA /* TabBarItem + ImageOnly.swift */,
				60D321F625BD6B080030E5FA /* UIViewController.swift+Loadding+Alert.swift */,
				60D321FA25BD6B440030E5FA /* NSObject+Helpers.swift */,
				60D321FE25BD6B5B0030E5FA /* UIView+Helpers.swift */,
				60D3222E25BD8CA40030E5FA /* UITableViewCell + Helpers.swift */,
				60D3223225BD8D150030E5FA /* UICollectionViewCell + Helpers.swift */,
			);
			path = Extensions;
			sourceTree = "<group>";
		};
		6040779725B45EC400C8972F /* Classes */ = {
			isa = PBXGroup;
			children = (
				6040779825B45ECC00C8972F /* Tools */,
				6040779A25B45ED900C8972F /* ViewRelated */,
				6040779925B45ED200C8972F /* Model */,
			);
			path = Classes;
			sourceTree = "<group>";
		};
		6040779825B45ECC00C8972F /* Tools */ = {
			isa = PBXGroup;
			children = (
				60D321A025B99D910030E5FA /* Coordinator */,
				604077EB25B469CF00C8972F /* Observers */,
				60D321EC25BD6A4B0030E5FA /* State.swift */,
			);
			path = Tools;
			sourceTree = "<group>";
		};
		6040779925B45ED200C8972F /* Model */ = {
			isa = PBXGroup;
			children = (
				604077D625B462C100C8972F /* FiltrationModel.swift */,
				60F785D025BED1CC008978D5 /* Contributor.swift */,
			);
			path = Model;
			sourceTree = "<group>";
		};
		6040779A25B45ED900C8972F /* ViewRelated */ = {
			isa = PBXGroup;
			children = (
				60D3221E25BD78980030E5FA /* CustomViews */,
				60D321DA25B9B8DB0030E5FA /* Landing */,
				60D3219025B99B010030E5FA /* MainTabBar */,
				6040779C25B45F1600C8972F /* Protocols */,
				6040779D25B45F1B00C8972F /* BaseClasses */,
				6040779E25B45F4700C8972F /* Scenes */,
			);
			path = ViewRelated;
			sourceTree = "<group>";
		};
		6040779B25B45EEC00C8972F /* Networking */ = {
			isa = PBXGroup;
			children = (
				60F785C925BED04E008978D5 /* Model */,
				E0FC1C0D25B56CA100EDAE4E /* Extentions */,
				E0FC1BF725B5631800EDAE4E /* Network */,
				E0FC1BD325B55BCC00EDAE4E /* EndPoint */,
			);
			path = Networking;
			sourceTree = "<group>";
		};
		6040779C25B45F1600C8972F /* Protocols */ = {
			isa = PBXGroup;
			children = (
				604077C225B462A100C8972F /* Protocols.swift */,
				60C3485325B5BE9C00BD03AC /* ImageRepresentable.swift */,
			);
			path = Protocols;
			sourceTree = "<group>";
		};
		6040779D25B45F1B00C8972F /* BaseClasses */ = {
			isa = PBXGroup;
			children = (
				604077C725B462A800C8972F /* BaseViewController.swift */,
				60D321F225BD6AC00030E5FA /* BaseVeiwModel.swift */,
				60D3221A25BD74610030E5FA /* BaseNavigationController.swift */,
			);
			path = BaseClasses;
			sourceTree = "<group>";
		};
		6040779E25B45F4700C8972F /* Scenes */ = {
			isa = PBXGroup;
			children = (
				60D3221325BD729C0030E5FA /* SearchCoordinator */,
				60D3220625BD6C9F0030E5FA /* SearchPeopleScene */,
				60D321A725B9A0790030E5FA /* AccountScene */,
				60D321A525B9A0550030E5FA /* ChatScene */,
				6040779F25B45F6000C8972F /* HomeScene */,
				60D321A625B9A0660030E5FA /* NotificationScene */,
			);
			path = Scenes;
			sourceTree = "<group>";
		};
		6040779F25B45F6000C8972F /* HomeScene */ = {
			isa = PBXGroup;
			children = (
				60D3219925B99D5A0030E5FA /* Coordinator */,
				604077A225B45F8700C8972F /* View */,
				604077A125B45F7D00C8972F /* ViewModel */,
				604077A025B45F7600C8972F /* ServiceLocator */,
			);
			path = HomeScene;
			sourceTree = "<group>";
		};
		604077A025B45F7600C8972F /* ServiceLocator */ = {
			isa = PBXGroup;
			children = (
				604077D125B462B800C8972F /* ServiceLocator.swift */,
			);
			path = ServiceLocator;
			sourceTree = "<group>";
		};
		604077A125B45F7D00C8972F /* ViewModel */ = {
			isa = PBXGroup;
			children = (
				604077CC25B462B100C8972F /* ViewModel.swift */,
			);
			path = ViewModel;
			sourceTree = "<group>";
		};
		604077A225B45F8700C8972F /* View */ = {
			isa = PBXGroup;
			children = (
				604077A325B4600D00C8972F /* HomeViewController.swift */,
				604077A425B4600D00C8972F /* HomeViewController.xib */,
			);
			path = View;
			sourceTree = "<group>";
		};
		604077EB25B469CF00C8972F /* Observers */ = {
			isa = PBXGroup;
			children = (
				6040780D25B46AF500C8972F /* Observable.swift */,
				6040780E25B46AF500C8972F /* Observer.swift */,
				604077E125B469C300C8972F /* BehaviorSubject.swift */,
				604077E325B469C300C8972F /* ObservationToken.swift */,
				604077E025B469C300C8972F /* PublishSubject.swift */,
				604077E225B469C300C8972F /* Variable.swift */,
			);
			path = Observers;
			sourceTree = "<group>";
		};
		6040781425B471EF00C8972F /* Generated */ = {
			isa = PBXGroup;
			children = (
				6040782725B4730C00C8972F /* Assets.swift */,
				6040782625B4730C00C8972F /* Fonts.swift */,
			);
			path = Generated;
			sourceTree = "<group>";
		};
		6040781525B4722B00C8972F /* Fonts */ = {
			isa = PBXGroup;
			children = (
				6040781625B4724100C8972F /* 29LTAzer-Bold.otf */,
				6040781725B4724100C8972F /* 29LTAzer-Medium.otf */,
				6040781825B4724100C8972F /* 29LTAzer-Regular.otf */,
			);
			path = Fonts;
			sourceTree = "<group>";
		};
		60C3485D25B5BEFF00BD03AC /* Frameworks */ = {
			isa = PBXGroup;
			children = (
				60C3485E25B5BEFF00BD03AC /* Kingfisher.framework */,
			);
			name = Frameworks;
			sourceTree = "<group>";
		};
		60D3219025B99B010030E5FA /* MainTabBar */ = {
			isa = PBXGroup;
			children = (
				60D3219125B99B250030E5FA /* AppTab.swift */,
				60D3219525B99CA00030E5FA /* MainTabBarController.swift */,
			);
			path = MainTabBar;
			sourceTree = "<group>";
		};
		60D3219925B99D5A0030E5FA /* Coordinator */ = {
			isa = PBXGroup;
			children = (
				60D3219A25B99D7E0030E5FA /* HomeCoordinator.swift */,
			);
			path = Coordinator;
			sourceTree = "<group>";
		};
		60D321A025B99D910030E5FA /* Coordinator */ = {
			isa = PBXGroup;
			children = (
				60D321A125B99D9B0030E5FA /* Coordinator.swift */,
			);
			path = Coordinator;
			sourceTree = "<group>";
		};
		60D321A525B9A0550030E5FA /* ChatScene */ = {
			isa = PBXGroup;
			children = (
				60D321C425B9AB750030E5FA /* View */,
				60D321A925B9A09E0030E5FA /* Coordinator */,
			);
			path = ChatScene;
			sourceTree = "<group>";
		};
		60D321A625B9A0660030E5FA /* NotificationScene */ = {
			isa = PBXGroup;
			children = (
				60D321AA25B9A0A10030E5FA /* Coordinator */,
				60D321CB25B9ABBF0030E5FA /* View */,
			);
			path = NotificationScene;
			sourceTree = "<group>";
		};
		60D321A725B9A0790030E5FA /* AccountScene */ = {
			isa = PBXGroup;
			children = (
				60D321A825B9A09A0030E5FA /* Coordinator */,
				60D321BB25B9AAE40030E5FA /* View */,
			);
			path = AccountScene;
			sourceTree = "<group>";
		};
		60D321A825B9A09A0030E5FA /* Coordinator */ = {
			isa = PBXGroup;
			children = (
				60D321AB25B9A0B20030E5FA /* AccountCoordinator.swift */,
			);
			path = Coordinator;
			sourceTree = "<group>";
		};
		60D321A925B9A09E0030E5FA /* Coordinator */ = {
			isa = PBXGroup;
			children = (
				60D321B125B9A0BE0030E5FA /* ChatCoordinator.swift */,
			);
			path = Coordinator;
			sourceTree = "<group>";
		};
		60D321AA25B9A0A10030E5FA /* Coordinator */ = {
			isa = PBXGroup;
			children = (
				60D321B525B9A0CF0030E5FA /* NotificationCoordinator.swift */,
			);
			path = Coordinator;
			sourceTree = "<group>";
		};
		60D321BB25B9AAE40030E5FA /* View */ = {
			isa = PBXGroup;
			children = (
				60D321BC25B9AAFB0030E5FA /* AccountViewController.swift */,
				60D321BD25B9AAFB0030E5FA /* AccountViewController.xib */,
			);
			path = View;
			sourceTree = "<group>";
		};
		60D321C425B9AB750030E5FA /* View */ = {
			isa = PBXGroup;
			children = (
				60D321C525B9AB850030E5FA /* ChatViewController.swift */,
				60D321C625B9AB850030E5FA /* ChatViewController.xib */,
			);
			path = View;
			sourceTree = "<group>";
		};
		60D321CB25B9ABBF0030E5FA /* View */ = {
			isa = PBXGroup;
			children = (
				60D321CC25B9ABE10030E5FA /* NotificationViewController.swift */,
				60D321CD25B9ABE10030E5FA /* NotificationViewController.xib */,
			);
			path = View;
			sourceTree = "<group>";
		};
		60D321DA25B9B8DB0030E5FA /* Landing */ = {
			isa = PBXGroup;
			children = (
				60D321DB25B9B8EA0030E5FA /* ApplicationCoordinator.swift */,
			);
			path = Landing;
			sourceTree = "<group>";
		};
		60D3220625BD6C9F0030E5FA /* SearchPeopleScene */ = {
			isa = PBXGroup;
			children = (
				60D3220A25BD70020030E5FA /* ViewModel */,
				60D3220925BD6CEA0030E5FA /* View */,
			);
			path = SearchPeopleScene;
			sourceTree = "<group>";
		};
		60D3220925BD6CEA0030E5FA /* View */ = {
			isa = PBXGroup;
			children = (
				60F785E425BF1181008978D5 /* Headers */,
				60D3222325BD81EF0030E5FA /* Cells */,
				60D3220B25BD70200030E5FA /* SearchPepoleViewController.swift */,
				60D3220C25BD70200030E5FA /* SearchPepoleViewController.xib */,
			);
			path = View;
			sourceTree = "<group>";
		};
		60D3220A25BD70020030E5FA /* ViewModel */ = {
			isa = PBXGroup;
			children = (
				60D3224C25BDAD750030E5FA /* SearchPepoleViewModel.swift */,
				60F785BD25BEC151008978D5 /* SearchPepoleDataSource.swift */,
			);
			path = ViewModel;
			sourceTree = "<group>";
		};
		60D3221325BD729C0030E5FA /* SearchCoordinator */ = {
			isa = PBXGroup;
			children = (
				60D3221425BD72C20030E5FA /* SearchCoordinator.swift */,
			);
			path = SearchCoordinator;
			sourceTree = "<group>";
		};
		60D3221E25BD78980030E5FA /* CustomViews */ = {
			isa = PBXGroup;
			children = (
				60D3221F25BD78B80030E5FA /* SMESearchBar.swift */,
			);
			path = CustomViews;
			sourceTree = "<group>";
		};
		60D3222325BD81EF0030E5FA /* Cells */ = {
			isa = PBXGroup;
			children = (
				60D3226425BDB2E70030E5FA /* Model */,
				60D3222525BD82010030E5FA /* UICollectionViewCell */,
				60D3222425BD81F50030E5FA /* UItableViewCell */,
			);
			path = Cells;
			sourceTree = "<group>";
		};
		60D3222425BD81F50030E5FA /* UItableViewCell */ = {
			isa = PBXGroup;
			children = (
				60F785D625BED382008978D5 /* ContributorTableViewCell.swift */,
				60F785D725BED382008978D5 /* ContributorTableViewCell.xib */,
				60F785DC25BED5CB008978D5 /* ContributorCellRepresentable.swift */,
			);
			path = UItableViewCell;
			sourceTree = "<group>";
		};
		60D3222525BD82010030E5FA /* UICollectionViewCell */ = {
			isa = PBXGroup;
			children = (
				60D3222625BD82340030E5FA /* FiltrationCollectionViewCell.swift */,
				60D3222725BD82340030E5FA /* FiltrationCollectionViewCell.xib */,
				60D3226025BDB29B0030E5FA /* FiltrationCellRepresentable.swift */,
			);
			path = UICollectionViewCell;
			sourceTree = "<group>";
		};
		60D3226425BDB2E70030E5FA /* Model */ = {
			isa = PBXGroup;
			children = (
				60D3225C25BDB1F40030E5FA /* FiltrationCell + Representable.swift */,
				60F785E025BED755008978D5 /* Contributor+Representable.swift */,
			);
			path = Model;
			sourceTree = "<group>";
		};
		60F785C925BED04E008978D5 /* Model */ = {
			isa = PBXGroup;
			children = (
				60F785CB25BED05C008978D5 /* Response */,
				60F785CA25BED055008978D5 /* Request */,
			);
			path = Model;
			sourceTree = "<group>";
		};
		60F785CA25BED055008978D5 /* Request */ = {
			isa = PBXGroup;
			children = (
			);
			path = Request;
			sourceTree = "<group>";
		};
		60F785CB25BED05C008978D5 /* Response */ = {
			isa = PBXGroup;
			children = (
				60F785CC25BED080008978D5 /* Contributors.swift */,
			);
			path = Response;
			sourceTree = "<group>";
		};
		60F785E425BF1181008978D5 /* Headers */ = {
			isa = PBXGroup;
			children = (
				60F785E525BF11A6008978D5 /* ContributorsHeaderView.swift */,
				60F785E925BF11B1008978D5 /* ContributorsHeaderView.xib */,
			);
			path = Headers;
			sourceTree = "<group>";
		};
		E0FC1BD325B55BCC00EDAE4E /* EndPoint */ = {
			isa = PBXGroup;
			children = (
				E0FC1BF625B561DC00EDAE4E /* Constants */,
				E0FC1BD425B55BFF00EDAE4E /* EndPoint.swift */,
				E0FC1BD925B55C9500EDAE4E /* EndPoint+TargetType.swift */,
				E0FC1BDE25B55EF100EDAE4E /* Enviroment.swift */,
			);
			path = EndPoint;
			sourceTree = "<group>";
		};
		E0FC1BF625B561DC00EDAE4E /* Constants */ = {
			isa = PBXGroup;
			children = (
				E0FC1BF125B561D500EDAE4E /* KeyConstants.swift */,
			);
			path = Constants;
			sourceTree = "<group>";
		};
		E0FC1BF725B5631800EDAE4E /* Network */ = {
			isa = PBXGroup;
			children = (
				E0FC1BF825B5632F00EDAE4E /* NetworkManger.swift */,
				E0FC1BFD25B567EC00EDAE4E /* NetworkError.swift */,
			);
			path = Network;
			sourceTree = "<group>";
		};
		E0FC1C0D25B56CA100EDAE4E /* Extentions */ = {
			isa = PBXGroup;
			children = (
				E0FC1C0E25B56CCE00EDAE4E /* Encodable+Extention.swift */,
			);
			path = Extentions;
			sourceTree = "<group>";
		};
/* End PBXGroup section */

/* Begin PBXNativeTarget section */
		6040775425B45E1100C8972F /* iOS-Sample-mvvm */ = {
			isa = PBXNativeTarget;
			buildConfigurationList = 6040777F25B45E1300C8972F /* Build configuration list for PBXNativeTarget "iOS-Sample-mvvm" */;
			buildPhases = (
				6040781C25B4729600C8972F /* SwiftGen */,
				6040775125B45E1100C8972F /* Sources */,
				6040775225B45E1100C8972F /* Frameworks */,
				6040775325B45E1100C8972F /* Resources */,
				E0FC1C4D25B5751200EDAE4E /* ShellScript */,
				60C3486125B5BEFF00BD03AC /* Embed Frameworks */,
			);
			buildRules = (
			);
			dependencies = (
			);
			name = "iOS-Sample-mvvm";
			packageProductDependencies = (
				60C3484525B5BCBE00BD03AC /* Moya */,
			);
			productName = "iOS-Sample-mvvm";
			productReference = 6040775525B45E1100C8972F /* iOS-Sample-mvvm.app */;
			productType = "com.apple.product-type.application";
		};
		6040776A25B45E1200C8972F /* iOS-Sample-mvvmTests */ = {
			isa = PBXNativeTarget;
			buildConfigurationList = 6040778225B45E1300C8972F /* Build configuration list for PBXNativeTarget "iOS-Sample-mvvmTests" */;
			buildPhases = (
				6040776725B45E1200C8972F /* Sources */,
				6040776825B45E1200C8972F /* Frameworks */,
				6040776925B45E1200C8972F /* Resources */,
			);
			buildRules = (
			);
			dependencies = (
				6040776D25B45E1200C8972F /* PBXTargetDependency */,
			);
			name = "iOS-Sample-mvvmTests";
			productName = "iOS-Sample-mvvmTests";
			productReference = 6040776B25B45E1200C8972F /* iOS-Sample-mvvmTests.xctest */;
			productType = "com.apple.product-type.bundle.unit-test";
		};
		6040777525B45E1300C8972F /* iOS-Sample-mvvmUITests */ = {
			isa = PBXNativeTarget;
			buildConfigurationList = 6040778525B45E1300C8972F /* Build configuration list for PBXNativeTarget "iOS-Sample-mvvmUITests" */;
			buildPhases = (
				6040777225B45E1300C8972F /* Sources */,
				6040777325B45E1300C8972F /* Frameworks */,
				6040777425B45E1300C8972F /* Resources */,
			);
			buildRules = (
			);
			dependencies = (
				6040777825B45E1300C8972F /* PBXTargetDependency */,
			);
			name = "iOS-Sample-mvvmUITests";
			productName = "iOS-Sample-mvvmUITests";
			productReference = 6040777625B45E1300C8972F /* iOS-Sample-mvvmUITests.xctest */;
			productType = "com.apple.product-type.bundle.ui-testing";
		};
/* End PBXNativeTarget section */

/* Begin PBXProject section */
		6040774D25B45E1100C8972F /* Project object */ = {
			isa = PBXProject;
			attributes = {
				LastSwiftUpdateCheck = 1230;
				LastUpgradeCheck = 1230;
				TargetAttributes = {
					6040775425B45E1100C8972F = {
						CreatedOnToolsVersion = 12.3;
					};
					6040776A25B45E1200C8972F = {
						CreatedOnToolsVersion = 12.3;
						TestTargetID = 6040775425B45E1100C8972F;
					};
					6040777525B45E1300C8972F = {
						CreatedOnToolsVersion = 12.3;
						TestTargetID = 6040775425B45E1100C8972F;
					};
				};
			};
			buildConfigurationList = 6040775025B45E1100C8972F /* Build configuration list for PBXProject "iOS-Sample-mvvm" */;
			compatibilityVersion = "Xcode 9.3";
			developmentRegion = ar;
			hasScannedForEncodings = 0;
			knownRegions = (
				ar,
				Base,
			);
			mainGroup = 6040774C25B45E1100C8972F;
			packageReferences = (
				60C3484425B5BCBE00BD03AC /* XCRemoteSwiftPackageReference "Moya" */,
			);
			productRefGroup = 6040775625B45E1100C8972F /* Products */;
			projectDirPath = "";
			projectRoot = "";
			targets = (
				6040775425B45E1100C8972F /* iOS-Sample-mvvm */,
				6040776A25B45E1200C8972F /* iOS-Sample-mvvmTests */,
				6040777525B45E1300C8972F /* iOS-Sample-mvvmUITests */,
			);
		};
/* End PBXProject section */

/* Begin PBXResourcesBuildPhase section */
		6040775325B45E1100C8972F /* Resources */ = {
			isa = PBXResourcesBuildPhase;
			buildActionMask = 2147483647;
			files = (
				60D3223E25BD93770030E5FA /* FiltrationCollectionViewCell.xib in Resources */,
				6040784525B4776800C8972F /* 29LTAzer-Bold.otf in Resources */,
				E0FC1C1525B56FE700EDAE4E /* Production.xcconfig in Resources */,
				60F785D925BED382008978D5 /* ContributorTableViewCell.xib in Resources */,
				6040784625B4776800C8972F /* 29LTAzer-Medium.otf in Resources */,
				6040784725B4776800C8972F /* 29LTAzer-Regular.otf in Resources */,
				60D321BF25B9AAFB0030E5FA /* AccountViewController.xib in Resources */,
				60D3220E25BD70200030E5FA /* SearchPepoleViewController.xib in Resources */,
				60D321C825B9AB850030E5FA /* ChatViewController.xib in Resources */,
				6040776525B45E1200C8972F /* LaunchScreen.storyboard in Resources */,
				6040776225B45E1200C8972F /* Assets.xcassets in Resources */,
				E0FC1C1625B56FE700EDAE4E /* Staging.xcconfig in Resources */,
				60D321CF25B9ABE10030E5FA /* NotificationViewController.xib in Resources */,
				60F785EA25BF11B1008978D5 /* ContributorsHeaderView.xib in Resources */,
				604077A625B4600D00C8972F /* HomeViewController.xib in Resources */,
				6040783825B473B700C8972F /* ColorPalette.xcassets in Resources */,
			);
			runOnlyForDeploymentPostprocessing = 0;
		};
		6040776925B45E1200C8972F /* Resources */ = {
			isa = PBXResourcesBuildPhase;
			buildActionMask = 2147483647;
			files = (
			);
			runOnlyForDeploymentPostprocessing = 0;
		};
		6040777425B45E1300C8972F /* Resources */ = {
			isa = PBXResourcesBuildPhase;
			buildActionMask = 2147483647;
			files = (
			);
			runOnlyForDeploymentPostprocessing = 0;
		};
/* End PBXResourcesBuildPhase section */

/* Begin PBXShellScriptBuildPhase section */
		6040781C25B4729600C8972F /* SwiftGen */ = {
			isa = PBXShellScriptBuildPhase;
			buildActionMask = 2147483647;
			files = (
			);
			inputFileListPaths = (
			);
			inputPaths = (
			);
			name = SwiftGen;
			outputFileListPaths = (
			);
			outputPaths = (
			);
			runOnlyForDeploymentPostprocessing = 0;
			shellPath = /bin/sh;
			shellScript = "# Type a script or drag a script file from your workspace to insert its path.\nif which swiftgen >/dev/null; then\n  swiftgen\nelse\n  echo \"warning: SwiftGen not installed, download it from https://github.com/SwiftGen/SwiftGen\"\nfi\n";
		};
		E0FC1C4D25B5751200EDAE4E /* ShellScript */ = {
			isa = PBXShellScriptBuildPhase;
			buildActionMask = 2147483647;
			files = (
			);
			inputFileListPaths = (
			);
			inputPaths = (
			);
			outputFileListPaths = (
			);
			outputPaths = (
			);
			runOnlyForDeploymentPostprocessing = 0;
			shellPath = /bin/sh;
			shellScript = "# Type a script or drag a script file from your workspace to insert its path.\nif which swiftlint >/dev/null; then\n  swiftlint\nelse\n  echo \"warning: SwiftLint not installed, download from https://github.com/realm/SwiftLint\"\nfi\n";
		};
/* End PBXShellScriptBuildPhase section */

/* Begin PBXSourcesBuildPhase section */
		6040775125B45E1100C8972F /* Sources */ = {
			isa = PBXSourcesBuildPhase;
			buildActionMask = 2147483647;
			files = (
				60D3224125BD93880030E5FA /* FiltrationCollectionViewCell.swift in Sources */,
				E0FC1BFE25B567EC00EDAE4E /* NetworkError.swift in Sources */,
				6040775925B45E1100C8972F /* AppDelegate.swift in Sources */,
				60F785E625BF11A6008978D5 /* ContributorsHeaderView.swift in Sources */,
				60D321A225B99D9B0030E5FA /* Coordinator.swift in Sources */,
				60F785E125BED755008978D5 /* Contributor+Representable.swift in Sources */,
				60D321C725B9AB850030E5FA /* ChatViewController.swift in Sources */,
				E0FC1BDA25B55C9500EDAE4E /* EndPoint+TargetType.swift in Sources */,
				6040781025B46AF500C8972F /* Observer.swift in Sources */,
				60D3219B25B99D7E0030E5FA /* HomeCoordinator.swift in Sources */,
				6040780F25B46AF500C8972F /* Observable.swift in Sources */,
				604077D225B462B800C8972F /* ServiceLocator.swift in Sources */,
				60D321BE25B9AAFB0030E5FA /* AccountViewController.swift in Sources */,
				60D321D525B9B6F70030E5FA /* TabBarItem + ImageOnly.swift in Sources */,
				60D321F325BD6AC00030E5FA /* BaseVeiwModel.swift in Sources */,
				6040775B25B45E1100C8972F /* SceneDelegate.swift in Sources */,
				60C3485425B5BE9C00BD03AC /* ImageRepresentable.swift in Sources */,
				604077E625B469C300C8972F /* Variable.swift in Sources */,
				60D321CE25B9ABE10030E5FA /* NotificationViewController.swift in Sources */,
				60D3220D25BD70200030E5FA /* SearchPepoleViewController.swift in Sources */,
				60F785BE25BEC151008978D5 /* SearchPepoleDataSource.swift in Sources */,
				60D3222025BD78B80030E5FA /* SMESearchBar.swift in Sources */,
				60D3219625B99CA00030E5FA /* MainTabBarController.swift in Sources */,
				60D321B625B9A0CF0030E5FA /* NotificationCoordinator.swift in Sources */,
				60D3224D25BDAD750030E5FA /* SearchPepoleViewModel.swift in Sources */,
				60F785D125BED1CC008978D5 /* Contributor.swift in Sources */,
				6040782825B4730C00C8972F /* Fonts.swift in Sources */,
				60D321DC25B9B8EA0030E5FA /* ApplicationCoordinator.swift in Sources */,
				60D3225D25BDB1F40030E5FA /* FiltrationCell + Representable.swift in Sources */,
				60D3219225B99B250030E5FA /* AppTab.swift in Sources */,
				6040782925B4730C00C8972F /* Assets.swift in Sources */,
				60D3222F25BD8CA40030E5FA /* UITableViewCell + Helpers.swift in Sources */,
				60D3221B25BD74610030E5FA /* BaseNavigationController.swift in Sources */,
				60F785DD25BED5CB008978D5 /* ContributorCellRepresentable.swift in Sources */,
				60D321F725BD6B080030E5FA /* UIViewController.swift+Loadding+Alert.swift in Sources */,
				60F785CD25BED080008978D5 /* Contributors.swift in Sources */,
				60D3221525BD72C20030E5FA /* SearchCoordinator.swift in Sources */,
				604077A525B4600D00C8972F /* HomeViewController.swift in Sources */,
				E0FC1BDF25B55EF100EDAE4E /* Enviroment.swift in Sources */,
				E0FC1BF225B561D500EDAE4E /* KeyConstants.swift in Sources */,
				E0FC1BD525B55BFF00EDAE4E /* EndPoint.swift in Sources */,
				60D321FB25BD6B440030E5FA /* NSObject+Helpers.swift in Sources */,
				60D321FF25BD6B5B0030E5FA /* UIView+Helpers.swift in Sources */,
				60D321B225B9A0BE0030E5FA /* ChatCoordinator.swift in Sources */,
				604077C325B462A100C8972F /* Protocols.swift in Sources */,
				604077D725B462C100C8972F /* FiltrationModel.swift in Sources */,
				60C3485925B5BEC700BD03AC /* UIImage+LoadImage.swift in Sources */,
				60D321ED25BD6A4B0030E5FA /* State.swift in Sources */,
				604077E425B469C300C8972F /* PublishSubject.swift in Sources */,
				E0FC1BF925B5632F00EDAE4E /* NetworkManger.swift in Sources */,
				60F785D825BED382008978D5 /* ContributorTableViewCell.swift in Sources */,
				60D3226125BDB29B0030E5FA /* FiltrationCellRepresentable.swift in Sources */,
				E0FC1C0F25B56CCE00EDAE4E /* Encodable+Extention.swift in Sources */,
				604077E525B469C300C8972F /* BehaviorSubject.swift in Sources */,
				60D321AC25B9A0B20030E5FA /* AccountCoordinator.swift in Sources */,
				604077C825B462A800C8972F /* BaseViewController.swift in Sources */,
				604077CD25B462B100C8972F /* ViewModel.swift in Sources */,
				60D3223325BD8D150030E5FA /* UICollectionViewCell + Helpers.swift in Sources */,
				604077E725B469C300C8972F /* ObservationToken.swift in Sources */,
			);
			runOnlyForDeploymentPostprocessing = 0;
		};
		6040776725B45E1200C8972F /* Sources */ = {
			isa = PBXSourcesBuildPhase;
			buildActionMask = 2147483647;
			files = (
			);
			runOnlyForDeploymentPostprocessing = 0;
		};
		6040777225B45E1300C8972F /* Sources */ = {
			isa = PBXSourcesBuildPhase;
			buildActionMask = 2147483647;
			files = (
			);
			runOnlyForDeploymentPostprocessing = 0;
		};
/* End PBXSourcesBuildPhase section */

/* Begin PBXTargetDependency section */
		6040776D25B45E1200C8972F /* PBXTargetDependency */ = {
			isa = PBXTargetDependency;
			target = 6040775425B45E1100C8972F /* iOS-Sample-mvvm */;
			targetProxy = 6040776C25B45E1200C8972F /* PBXContainerItemProxy */;
		};
		6040777825B45E1300C8972F /* PBXTargetDependency */ = {
			isa = PBXTargetDependency;
			target = 6040775425B45E1100C8972F /* iOS-Sample-mvvm */;
			targetProxy = 6040777725B45E1300C8972F /* PBXContainerItemProxy */;
		};
/* End PBXTargetDependency section */

/* Begin PBXVariantGroup section */
		6040776325B45E1200C8972F /* LaunchScreen.storyboard */ = {
			isa = PBXVariantGroup;
			children = (
				6040776425B45E1200C8972F /* Base */,
			);
			name = LaunchScreen.storyboard;
			sourceTree = "<group>";
		};
/* End PBXVariantGroup section */

/* Begin XCBuildConfiguration section */
		6040777D25B45E1300C8972F /* Debug(Production) */ = {
			isa = XCBuildConfiguration;
			baseConfigurationReference = E0FC1C1325B56FE700EDAE4E /* Production.xcconfig */;
			buildSettings = {
				ALWAYS_SEARCH_USER_PATHS = NO;
				CLANG_ANALYZER_NONNULL = YES;
				CLANG_ANALYZER_NUMBER_OBJECT_CONVERSION = YES_AGGRESSIVE;
				CLANG_CXX_LANGUAGE_STANDARD = "gnu++14";
				CLANG_CXX_LIBRARY = "libc++";
				CLANG_ENABLE_MODULES = YES;
				CLANG_ENABLE_OBJC_ARC = YES;
				CLANG_ENABLE_OBJC_WEAK = YES;
				CLANG_WARN_BLOCK_CAPTURE_AUTORELEASING = YES;
				CLANG_WARN_BOOL_CONVERSION = YES;
				CLANG_WARN_COMMA = YES;
				CLANG_WARN_CONSTANT_CONVERSION = YES;
				CLANG_WARN_DEPRECATED_OBJC_IMPLEMENTATIONS = YES;
				CLANG_WARN_DIRECT_OBJC_ISA_USAGE = YES_ERROR;
				CLANG_WARN_DOCUMENTATION_COMMENTS = YES;
				CLANG_WARN_EMPTY_BODY = YES;
				CLANG_WARN_ENUM_CONVERSION = YES;
				CLANG_WARN_INFINITE_RECURSION = YES;
				CLANG_WARN_INT_CONVERSION = YES;
				CLANG_WARN_NON_LITERAL_NULL_CONVERSION = YES;
				CLANG_WARN_OBJC_IMPLICIT_RETAIN_SELF = YES;
				CLANG_WARN_OBJC_LITERAL_CONVERSION = YES;
				CLANG_WARN_OBJC_ROOT_CLASS = YES_ERROR;
				CLANG_WARN_QUOTED_INCLUDE_IN_FRAMEWORK_HEADER = YES;
				CLANG_WARN_RANGE_LOOP_ANALYSIS = YES;
				CLANG_WARN_STRICT_PROTOTYPES = YES;
				CLANG_WARN_SUSPICIOUS_MOVE = YES;
				CLANG_WARN_UNGUARDED_AVAILABILITY = YES_AGGRESSIVE;
				CLANG_WARN_UNREACHABLE_CODE = YES;
				CLANG_WARN__DUPLICATE_METHOD_MATCH = YES;
				COPY_PHASE_STRIP = NO;
				DEBUG_INFORMATION_FORMAT = dwarf;
				ENABLE_STRICT_OBJC_MSGSEND = YES;
				ENABLE_TESTABILITY = YES;
				GCC_C_LANGUAGE_STANDARD = gnu11;
				GCC_DYNAMIC_NO_PIC = NO;
				GCC_NO_COMMON_BLOCKS = YES;
				GCC_OPTIMIZATION_LEVEL = 0;
				GCC_PREPROCESSOR_DEFINITIONS = (
					"DEBUG=1",
					"$(inherited)",
				);
				GCC_WARN_64_TO_32_BIT_CONVERSION = YES;
				GCC_WARN_ABOUT_RETURN_TYPE = YES_ERROR;
				GCC_WARN_UNDECLARED_SELECTOR = YES;
				GCC_WARN_UNINITIALIZED_AUTOS = YES_AGGRESSIVE;
				GCC_WARN_UNUSED_FUNCTION = YES;
				GCC_WARN_UNUSED_VARIABLE = YES;
				IPHONEOS_DEPLOYMENT_TARGET = 14.3;
				MTL_ENABLE_DEBUG_INFO = INCLUDE_SOURCE;
				MTL_FAST_MATH = YES;
				ONLY_ACTIVE_ARCH = YES;
				PRODUCT_BUNDLE_IDENTIFIER = "$(PRODUCT_BUNDLE_IDENTIFIER)";
				SDKROOT = iphoneos;
				SWIFT_ACTIVE_COMPILATION_CONDITIONS = DEBUG;
				SWIFT_OPTIMIZATION_LEVEL = "-Onone";
			};
			name = "Debug(Production)";
		};
		6040777E25B45E1300C8972F /* Release(Production) */ = {
			isa = XCBuildConfiguration;
			baseConfigurationReference = E0FC1C1325B56FE700EDAE4E /* Production.xcconfig */;
			buildSettings = {
				ALWAYS_SEARCH_USER_PATHS = NO;
				CLANG_ANALYZER_NONNULL = YES;
				CLANG_ANALYZER_NUMBER_OBJECT_CONVERSION = YES_AGGRESSIVE;
				CLANG_CXX_LANGUAGE_STANDARD = "gnu++14";
				CLANG_CXX_LIBRARY = "libc++";
				CLANG_ENABLE_MODULES = YES;
				CLANG_ENABLE_OBJC_ARC = YES;
				CLANG_ENABLE_OBJC_WEAK = YES;
				CLANG_WARN_BLOCK_CAPTURE_AUTORELEASING = YES;
				CLANG_WARN_BOOL_CONVERSION = YES;
				CLANG_WARN_COMMA = YES;
				CLANG_WARN_CONSTANT_CONVERSION = YES;
				CLANG_WARN_DEPRECATED_OBJC_IMPLEMENTATIONS = YES;
				CLANG_WARN_DIRECT_OBJC_ISA_USAGE = YES_ERROR;
				CLANG_WARN_DOCUMENTATION_COMMENTS = YES;
				CLANG_WARN_EMPTY_BODY = YES;
				CLANG_WARN_ENUM_CONVERSION = YES;
				CLANG_WARN_INFINITE_RECURSION = YES;
				CLANG_WARN_INT_CONVERSION = YES;
				CLANG_WARN_NON_LITERAL_NULL_CONVERSION = YES;
				CLANG_WARN_OBJC_IMPLICIT_RETAIN_SELF = YES;
				CLANG_WARN_OBJC_LITERAL_CONVERSION = YES;
				CLANG_WARN_OBJC_ROOT_CLASS = YES_ERROR;
				CLANG_WARN_QUOTED_INCLUDE_IN_FRAMEWORK_HEADER = YES;
				CLANG_WARN_RANGE_LOOP_ANALYSIS = YES;
				CLANG_WARN_STRICT_PROTOTYPES = YES;
				CLANG_WARN_SUSPICIOUS_MOVE = YES;
				CLANG_WARN_UNGUARDED_AVAILABILITY = YES_AGGRESSIVE;
				CLANG_WARN_UNREACHABLE_CODE = YES;
				CLANG_WARN__DUPLICATE_METHOD_MATCH = YES;
				COPY_PHASE_STRIP = NO;
				DEBUG_INFORMATION_FORMAT = "dwarf-with-dsym";
				ENABLE_NS_ASSERTIONS = NO;
				ENABLE_STRICT_OBJC_MSGSEND = YES;
				GCC_C_LANGUAGE_STANDARD = gnu11;
				GCC_NO_COMMON_BLOCKS = YES;
				GCC_WARN_64_TO_32_BIT_CONVERSION = YES;
				GCC_WARN_ABOUT_RETURN_TYPE = YES_ERROR;
				GCC_WARN_UNDECLARED_SELECTOR = YES;
				GCC_WARN_UNINITIALIZED_AUTOS = YES_AGGRESSIVE;
				GCC_WARN_UNUSED_FUNCTION = YES;
				GCC_WARN_UNUSED_VARIABLE = YES;
				IPHONEOS_DEPLOYMENT_TARGET = 14.3;
				MTL_ENABLE_DEBUG_INFO = NO;
				MTL_FAST_MATH = YES;
				PRODUCT_BUNDLE_IDENTIFIER = "$(PRODUCT_BUNDLE_IDENTIFIER)";
				SDKROOT = iphoneos;
				SWIFT_COMPILATION_MODE = wholemodule;
				SWIFT_OPTIMIZATION_LEVEL = "-O";
				VALIDATE_PRODUCT = YES;
			};
			name = "Release(Production)";
		};
		6040778025B45E1300C8972F /* Debug(Production) */ = {
			isa = XCBuildConfiguration;
			baseConfigurationReference = E0FC1C1325B56FE700EDAE4E /* Production.xcconfig */;
			buildSettings = {
				ASSETCATALOG_COMPILER_APPICON_NAME = AppIcon;
				ASSETCATALOG_COMPILER_GLOBAL_ACCENT_COLOR_NAME = AccentColor;
				CODE_SIGN_STYLE = Automatic;
				FRAMEWORK_SEARCH_PATHS = (
					"$(inherited)",
					"$(PROJECT_DIR)/Carthage/Build/iOS",
				);
				INFOPLIST_FILE = "$(SRCROOT)/iOS-Sample-mvvm/Resources/Info.plist";
				LD_RUNPATH_SEARCH_PATHS = (
					"$(inherited)",
					"@executable_path/Frameworks",
				);
				PRODUCT_BUNDLE_IDENTIFIER = "$(APP_BUNDLE_IDENTIFIER)";
				PRODUCT_NAME = "$(TARGET_NAME)";
				SWIFT_VERSION = 5.0;
				TARGETED_DEVICE_FAMILY = "1,2";
				VALIDATE_WORKSPACE = YES;
			};
			name = "Debug(Production)";
		};
		6040778125B45E1300C8972F /* Release(Production) */ = {
			isa = XCBuildConfiguration;
			baseConfigurationReference = E0FC1C1325B56FE700EDAE4E /* Production.xcconfig */;
			buildSettings = {
				ASSETCATALOG_COMPILER_APPICON_NAME = AppIcon;
				ASSETCATALOG_COMPILER_GLOBAL_ACCENT_COLOR_NAME = AccentColor;
				CODE_SIGN_STYLE = Automatic;
				FRAMEWORK_SEARCH_PATHS = (
					"$(inherited)",
					"$(PROJECT_DIR)/Carthage/Build/iOS",
				);
				INFOPLIST_FILE = "$(SRCROOT)/iOS-Sample-mvvm/Resources/Info.plist";
				LD_RUNPATH_SEARCH_PATHS = (
					"$(inherited)",
					"@executable_path/Frameworks",
				);
				PRODUCT_BUNDLE_IDENTIFIER = "$(APP_BUNDLE_IDENTIFIER)";
				PRODUCT_NAME = "$(TARGET_NAME)";
				SWIFT_VERSION = 5.0;
				TARGETED_DEVICE_FAMILY = "1,2";
				VALIDATE_WORKSPACE = YES;
			};
			name = "Release(Production)";
		};
		6040778325B45E1300C8972F /* Debug(Production) */ = {
			isa = XCBuildConfiguration;
			buildSettings = {
				ALWAYS_EMBED_SWIFT_STANDARD_LIBRARIES = YES;
				BUNDLE_LOADER = "$(TEST_HOST)";
				CODE_SIGN_STYLE = Automatic;
				INFOPLIST_FILE = "iOS-Sample-mvvmTests/Info.plist";
				IPHONEOS_DEPLOYMENT_TARGET = 14.3;
				LD_RUNPATH_SEARCH_PATHS = (
					"$(inherited)",
					"@executable_path/Frameworks",
					"@loader_path/Frameworks",
				);
				PRODUCT_BUNDLE_IDENTIFIER = "com.ibtikar.iOS-Sample-mvvmTests";
				PRODUCT_NAME = "$(TARGET_NAME)";
				SWIFT_VERSION = 5.0;
				TARGETED_DEVICE_FAMILY = "1,2";
				TEST_HOST = "$(BUILT_PRODUCTS_DIR)/iOS-Sample-mvvm.app/iOS-Sample-mvvm";
			};
			name = "Debug(Production)";
		};
		6040778425B45E1300C8972F /* Release(Production) */ = {
			isa = XCBuildConfiguration;
			buildSettings = {
				ALWAYS_EMBED_SWIFT_STANDARD_LIBRARIES = YES;
				BUNDLE_LOADER = "$(TEST_HOST)";
				CODE_SIGN_STYLE = Automatic;
				INFOPLIST_FILE = "iOS-Sample-mvvmTests/Info.plist";
				IPHONEOS_DEPLOYMENT_TARGET = 14.3;
				LD_RUNPATH_SEARCH_PATHS = (
					"$(inherited)",
					"@executable_path/Frameworks",
					"@loader_path/Frameworks",
				);
				PRODUCT_BUNDLE_IDENTIFIER = "com.ibtikar.iOS-Sample-mvvmTests";
				PRODUCT_NAME = "$(TARGET_NAME)";
				SWIFT_VERSION = 5.0;
				TARGETED_DEVICE_FAMILY = "1,2";
				TEST_HOST = "$(BUILT_PRODUCTS_DIR)/iOS-Sample-mvvm.app/iOS-Sample-mvvm";
			};
			name = "Release(Production)";
		};
		6040778625B45E1300C8972F /* Debug(Production) */ = {
			isa = XCBuildConfiguration;
			buildSettings = {
				ALWAYS_EMBED_SWIFT_STANDARD_LIBRARIES = YES;
				CODE_SIGN_STYLE = Automatic;
				INFOPLIST_FILE = "iOS-Sample-mvvmUITests/Info.plist";
				LD_RUNPATH_SEARCH_PATHS = (
					"$(inherited)",
					"@executable_path/Frameworks",
					"@loader_path/Frameworks",
				);
				PRODUCT_BUNDLE_IDENTIFIER = "com.ibtikar.iOS-Sample-mvvmUITests";
				PRODUCT_NAME = "$(TARGET_NAME)";
				SWIFT_VERSION = 5.0;
				TARGETED_DEVICE_FAMILY = "1,2";
				TEST_TARGET_NAME = "iOS-Sample-mvvm";
			};
			name = "Debug(Production)";
		};
		6040778725B45E1300C8972F /* Release(Production) */ = {
			isa = XCBuildConfiguration;
			buildSettings = {
				ALWAYS_EMBED_SWIFT_STANDARD_LIBRARIES = YES;
				CODE_SIGN_STYLE = Automatic;
				INFOPLIST_FILE = "iOS-Sample-mvvmUITests/Info.plist";
				LD_RUNPATH_SEARCH_PATHS = (
					"$(inherited)",
					"@executable_path/Frameworks",
					"@loader_path/Frameworks",
				);
				PRODUCT_BUNDLE_IDENTIFIER = "com.ibtikar.iOS-Sample-mvvmUITests";
				PRODUCT_NAME = "$(TARGET_NAME)";
				SWIFT_VERSION = 5.0;
				TARGETED_DEVICE_FAMILY = "1,2";
				TEST_TARGET_NAME = "iOS-Sample-mvvm";
			};
			name = "Release(Production)";
		};
		E01D614E25B6DEFC007E39FE /* Debug(Staging) */ = {
			isa = XCBuildConfiguration;
			baseConfigurationReference = E0FC1C1425B56FE700EDAE4E /* Staging.xcconfig */;
			buildSettings = {
				ALWAYS_SEARCH_USER_PATHS = NO;
				CLANG_ANALYZER_NONNULL = YES;
				CLANG_ANALYZER_NUMBER_OBJECT_CONVERSION = YES_AGGRESSIVE;
				CLANG_CXX_LANGUAGE_STANDARD = "gnu++14";
				CLANG_CXX_LIBRARY = "libc++";
				CLANG_ENABLE_MODULES = YES;
				CLANG_ENABLE_OBJC_ARC = YES;
				CLANG_ENABLE_OBJC_WEAK = YES;
				CLANG_WARN_BLOCK_CAPTURE_AUTORELEASING = YES;
				CLANG_WARN_BOOL_CONVERSION = YES;
				CLANG_WARN_COMMA = YES;
				CLANG_WARN_CONSTANT_CONVERSION = YES;
				CLANG_WARN_DEPRECATED_OBJC_IMPLEMENTATIONS = YES;
				CLANG_WARN_DIRECT_OBJC_ISA_USAGE = YES_ERROR;
				CLANG_WARN_DOCUMENTATION_COMMENTS = YES;
				CLANG_WARN_EMPTY_BODY = YES;
				CLANG_WARN_ENUM_CONVERSION = YES;
				CLANG_WARN_INFINITE_RECURSION = YES;
				CLANG_WARN_INT_CONVERSION = YES;
				CLANG_WARN_NON_LITERAL_NULL_CONVERSION = YES;
				CLANG_WARN_OBJC_IMPLICIT_RETAIN_SELF = YES;
				CLANG_WARN_OBJC_LITERAL_CONVERSION = YES;
				CLANG_WARN_OBJC_ROOT_CLASS = YES_ERROR;
				CLANG_WARN_QUOTED_INCLUDE_IN_FRAMEWORK_HEADER = YES;
				CLANG_WARN_RANGE_LOOP_ANALYSIS = YES;
				CLANG_WARN_STRICT_PROTOTYPES = YES;
				CLANG_WARN_SUSPICIOUS_MOVE = YES;
				CLANG_WARN_UNGUARDED_AVAILABILITY = YES_AGGRESSIVE;
				CLANG_WARN_UNREACHABLE_CODE = YES;
				CLANG_WARN__DUPLICATE_METHOD_MATCH = YES;
				COPY_PHASE_STRIP = NO;
				DEBUG_INFORMATION_FORMAT = dwarf;
				ENABLE_STRICT_OBJC_MSGSEND = YES;
				ENABLE_TESTABILITY = YES;
				GCC_C_LANGUAGE_STANDARD = gnu11;
				GCC_DYNAMIC_NO_PIC = NO;
				GCC_NO_COMMON_BLOCKS = YES;
				GCC_OPTIMIZATION_LEVEL = 0;
				GCC_PREPROCESSOR_DEFINITIONS = (
					"DEBUG=1",
					"$(inherited)",
				);
				GCC_WARN_64_TO_32_BIT_CONVERSION = YES;
				GCC_WARN_ABOUT_RETURN_TYPE = YES_ERROR;
				GCC_WARN_UNDECLARED_SELECTOR = YES;
				GCC_WARN_UNINITIALIZED_AUTOS = YES_AGGRESSIVE;
				GCC_WARN_UNUSED_FUNCTION = YES;
				GCC_WARN_UNUSED_VARIABLE = YES;
				IPHONEOS_DEPLOYMENT_TARGET = 14.3;
				MTL_ENABLE_DEBUG_INFO = INCLUDE_SOURCE;
				MTL_FAST_MATH = YES;
				ONLY_ACTIVE_ARCH = YES;
				PRODUCT_BUNDLE_IDENTIFIER = "$(PRODUCT_BUNDLE_IDENTIFIER)";
				SDKROOT = iphoneos;
				SWIFT_ACTIVE_COMPILATION_CONDITIONS = DEBUG;
				SWIFT_OPTIMIZATION_LEVEL = "-Onone";
			};
			name = "Debug(Staging)";
		};
		E01D614F25B6DEFC007E39FE /* Debug(Staging) */ = {
			isa = XCBuildConfiguration;
			baseConfigurationReference = E0FC1C1425B56FE700EDAE4E /* Staging.xcconfig */;
			buildSettings = {
				ASSETCATALOG_COMPILER_APPICON_NAME = AppIcon;
				ASSETCATALOG_COMPILER_GLOBAL_ACCENT_COLOR_NAME = AccentColor;
				CODE_SIGN_STYLE = Automatic;
				FRAMEWORK_SEARCH_PATHS = (
					"$(inherited)",
					"$(PROJECT_DIR)/Carthage/Build/iOS",
				);
				INFOPLIST_FILE = "$(SRCROOT)/iOS-Sample-mvvm/Resources/Info.plist";
				LD_RUNPATH_SEARCH_PATHS = (
					"$(inherited)",
					"@executable_path/Frameworks",
				);
				PRODUCT_BUNDLE_IDENTIFIER = "$(APP_BUNDLE_IDENTIFIER)";
				PRODUCT_NAME = "$(TARGET_NAME)";
				SWIFT_VERSION = 5.0;
				TARGETED_DEVICE_FAMILY = "1,2";
				VALIDATE_WORKSPACE = YES;
			};
			name = "Debug(Staging)";
		};
		E01D615025B6DEFC007E39FE /* Debug(Staging) */ = {
			isa = XCBuildConfiguration;
			buildSettings = {
				ALWAYS_EMBED_SWIFT_STANDARD_LIBRARIES = YES;
				BUNDLE_LOADER = "$(TEST_HOST)";
				CODE_SIGN_STYLE = Automatic;
				INFOPLIST_FILE = "iOS-Sample-mvvmTests/Info.plist";
				IPHONEOS_DEPLOYMENT_TARGET = 14.3;
				LD_RUNPATH_SEARCH_PATHS = (
					"$(inherited)",
					"@executable_path/Frameworks",
					"@loader_path/Frameworks",
				);
				PRODUCT_BUNDLE_IDENTIFIER = "com.ibtikar.iOS-Sample-mvvmTests";
				PRODUCT_NAME = "$(TARGET_NAME)";
				SWIFT_VERSION = 5.0;
				TARGETED_DEVICE_FAMILY = "1,2";
				TEST_HOST = "$(BUILT_PRODUCTS_DIR)/iOS-Sample-mvvm.app/iOS-Sample-mvvm";
			};
			name = "Debug(Staging)";
		};
		E01D615125B6DEFC007E39FE /* Debug(Staging) */ = {
			isa = XCBuildConfiguration;
			buildSettings = {
				ALWAYS_EMBED_SWIFT_STANDARD_LIBRARIES = YES;
				CODE_SIGN_STYLE = Automatic;
				INFOPLIST_FILE = "iOS-Sample-mvvmUITests/Info.plist";
				LD_RUNPATH_SEARCH_PATHS = (
					"$(inherited)",
					"@executable_path/Frameworks",
					"@loader_path/Frameworks",
				);
				PRODUCT_BUNDLE_IDENTIFIER = "com.ibtikar.iOS-Sample-mvvmUITests";
				PRODUCT_NAME = "$(TARGET_NAME)";
				SWIFT_VERSION = 5.0;
				TARGETED_DEVICE_FAMILY = "1,2";
				TEST_TARGET_NAME = "iOS-Sample-mvvm";
			};
			name = "Debug(Staging)";
		};
		E01D615225B6DF25007E39FE /* Debug(Development) */ = {
			isa = XCBuildConfiguration;
			baseConfigurationReference = E01D614B25B6DE6B007E39FE /* Development.xcconfig */;
			buildSettings = {
				ALWAYS_SEARCH_USER_PATHS = NO;
				CLANG_ANALYZER_NONNULL = YES;
				CLANG_ANALYZER_NUMBER_OBJECT_CONVERSION = YES_AGGRESSIVE;
				CLANG_CXX_LANGUAGE_STANDARD = "gnu++14";
				CLANG_CXX_LIBRARY = "libc++";
				CLANG_ENABLE_MODULES = YES;
				CLANG_ENABLE_OBJC_ARC = YES;
				CLANG_ENABLE_OBJC_WEAK = YES;
				CLANG_WARN_BLOCK_CAPTURE_AUTORELEASING = YES;
				CLANG_WARN_BOOL_CONVERSION = YES;
				CLANG_WARN_COMMA = YES;
				CLANG_WARN_CONSTANT_CONVERSION = YES;
				CLANG_WARN_DEPRECATED_OBJC_IMPLEMENTATIONS = YES;
				CLANG_WARN_DIRECT_OBJC_ISA_USAGE = YES_ERROR;
				CLANG_WARN_DOCUMENTATION_COMMENTS = YES;
				CLANG_WARN_EMPTY_BODY = YES;
				CLANG_WARN_ENUM_CONVERSION = YES;
				CLANG_WARN_INFINITE_RECURSION = YES;
				CLANG_WARN_INT_CONVERSION = YES;
				CLANG_WARN_NON_LITERAL_NULL_CONVERSION = YES;
				CLANG_WARN_OBJC_IMPLICIT_RETAIN_SELF = YES;
				CLANG_WARN_OBJC_LITERAL_CONVERSION = YES;
				CLANG_WARN_OBJC_ROOT_CLASS = YES_ERROR;
				CLANG_WARN_QUOTED_INCLUDE_IN_FRAMEWORK_HEADER = YES;
				CLANG_WARN_RANGE_LOOP_ANALYSIS = YES;
				CLANG_WARN_STRICT_PROTOTYPES = YES;
				CLANG_WARN_SUSPICIOUS_MOVE = YES;
				CLANG_WARN_UNGUARDED_AVAILABILITY = YES_AGGRESSIVE;
				CLANG_WARN_UNREACHABLE_CODE = YES;
				CLANG_WARN__DUPLICATE_METHOD_MATCH = YES;
				COPY_PHASE_STRIP = NO;
				DEBUG_INFORMATION_FORMAT = dwarf;
				ENABLE_STRICT_OBJC_MSGSEND = YES;
				ENABLE_TESTABILITY = YES;
				GCC_C_LANGUAGE_STANDARD = gnu11;
				GCC_DYNAMIC_NO_PIC = NO;
				GCC_NO_COMMON_BLOCKS = YES;
				GCC_OPTIMIZATION_LEVEL = 0;
				GCC_PREPROCESSOR_DEFINITIONS = (
					"DEBUG=1",
					"$(inherited)",
				);
				GCC_WARN_64_TO_32_BIT_CONVERSION = YES;
				GCC_WARN_ABOUT_RETURN_TYPE = YES_ERROR;
				GCC_WARN_UNDECLARED_SELECTOR = YES;
				GCC_WARN_UNINITIALIZED_AUTOS = YES_AGGRESSIVE;
				GCC_WARN_UNUSED_FUNCTION = YES;
				GCC_WARN_UNUSED_VARIABLE = YES;
				IPHONEOS_DEPLOYMENT_TARGET = 14.3;
				MTL_ENABLE_DEBUG_INFO = INCLUDE_SOURCE;
				MTL_FAST_MATH = YES;
				ONLY_ACTIVE_ARCH = YES;
				PRODUCT_BUNDLE_IDENTIFIER = "$(PRODUCT_BUNDLE_IDENTIFIER)";
				SDKROOT = iphoneos;
				SWIFT_ACTIVE_COMPILATION_CONDITIONS = DEBUG;
				SWIFT_OPTIMIZATION_LEVEL = "-Onone";
			};
			name = "Debug(Development)";
		};
		E01D615325B6DF25007E39FE /* Debug(Development) */ = {
			isa = XCBuildConfiguration;
			baseConfigurationReference = E01D614B25B6DE6B007E39FE /* Development.xcconfig */;
			buildSettings = {
				ASSETCATALOG_COMPILER_APPICON_NAME = AppIcon;
				ASSETCATALOG_COMPILER_GLOBAL_ACCENT_COLOR_NAME = AccentColor;
				CODE_SIGN_STYLE = Automatic;
				FRAMEWORK_SEARCH_PATHS = (
					"$(inherited)",
					"$(PROJECT_DIR)/Carthage/Build/iOS",
				);
				INFOPLIST_FILE = "$(SRCROOT)/iOS-Sample-mvvm/Resources/Info.plist";
				LD_RUNPATH_SEARCH_PATHS = (
					"$(inherited)",
					"@executable_path/Frameworks",
				);
				PRODUCT_BUNDLE_IDENTIFIER = "$(APP_BUNDLE_IDENTIFIER)";
				PRODUCT_NAME = "$(TARGET_NAME)";
				SWIFT_VERSION = 5.0;
				TARGETED_DEVICE_FAMILY = "1,2";
				VALIDATE_WORKSPACE = YES;
			};
			name = "Debug(Development)";
		};
		E01D615425B6DF25007E39FE /* Debug(Development) */ = {
			isa = XCBuildConfiguration;
			buildSettings = {
				ALWAYS_EMBED_SWIFT_STANDARD_LIBRARIES = YES;
				BUNDLE_LOADER = "$(TEST_HOST)";
				CODE_SIGN_STYLE = Automatic;
				INFOPLIST_FILE = "iOS-Sample-mvvmTests/Info.plist";
				IPHONEOS_DEPLOYMENT_TARGET = 14.3;
				LD_RUNPATH_SEARCH_PATHS = (
					"$(inherited)",
					"@executable_path/Frameworks",
					"@loader_path/Frameworks",
				);
				PRODUCT_BUNDLE_IDENTIFIER = "com.ibtikar.iOS-Sample-mvvmTests";
				PRODUCT_NAME = "$(TARGET_NAME)";
				SWIFT_VERSION = 5.0;
				TARGETED_DEVICE_FAMILY = "1,2";
				TEST_HOST = "$(BUILT_PRODUCTS_DIR)/iOS-Sample-mvvm.app/iOS-Sample-mvvm";
			};
			name = "Debug(Development)";
		};
		E01D615525B6DF25007E39FE /* Debug(Development) */ = {
			isa = XCBuildConfiguration;
			buildSettings = {
				ALWAYS_EMBED_SWIFT_STANDARD_LIBRARIES = YES;
				CODE_SIGN_STYLE = Automatic;
				INFOPLIST_FILE = "iOS-Sample-mvvmUITests/Info.plist";
				LD_RUNPATH_SEARCH_PATHS = (
					"$(inherited)",
					"@executable_path/Frameworks",
					"@loader_path/Frameworks",
				);
				PRODUCT_BUNDLE_IDENTIFIER = "com.ibtikar.iOS-Sample-mvvmUITests";
				PRODUCT_NAME = "$(TARGET_NAME)";
				SWIFT_VERSION = 5.0;
				TARGETED_DEVICE_FAMILY = "1,2";
				TEST_TARGET_NAME = "iOS-Sample-mvvm";
			};
			name = "Debug(Development)";
		};
		E01D615625B6DF3A007E39FE /* Release(Staging) */ = {
			isa = XCBuildConfiguration;
			baseConfigurationReference = E0FC1C1425B56FE700EDAE4E /* Staging.xcconfig */;
			buildSettings = {
				ALWAYS_SEARCH_USER_PATHS = NO;
				CLANG_ANALYZER_NONNULL = YES;
				CLANG_ANALYZER_NUMBER_OBJECT_CONVERSION = YES_AGGRESSIVE;
				CLANG_CXX_LANGUAGE_STANDARD = "gnu++14";
				CLANG_CXX_LIBRARY = "libc++";
				CLANG_ENABLE_MODULES = YES;
				CLANG_ENABLE_OBJC_ARC = YES;
				CLANG_ENABLE_OBJC_WEAK = YES;
				CLANG_WARN_BLOCK_CAPTURE_AUTORELEASING = YES;
				CLANG_WARN_BOOL_CONVERSION = YES;
				CLANG_WARN_COMMA = YES;
				CLANG_WARN_CONSTANT_CONVERSION = YES;
				CLANG_WARN_DEPRECATED_OBJC_IMPLEMENTATIONS = YES;
				CLANG_WARN_DIRECT_OBJC_ISA_USAGE = YES_ERROR;
				CLANG_WARN_DOCUMENTATION_COMMENTS = YES;
				CLANG_WARN_EMPTY_BODY = YES;
				CLANG_WARN_ENUM_CONVERSION = YES;
				CLANG_WARN_INFINITE_RECURSION = YES;
				CLANG_WARN_INT_CONVERSION = YES;
				CLANG_WARN_NON_LITERAL_NULL_CONVERSION = YES;
				CLANG_WARN_OBJC_IMPLICIT_RETAIN_SELF = YES;
				CLANG_WARN_OBJC_LITERAL_CONVERSION = YES;
				CLANG_WARN_OBJC_ROOT_CLASS = YES_ERROR;
				CLANG_WARN_QUOTED_INCLUDE_IN_FRAMEWORK_HEADER = YES;
				CLANG_WARN_RANGE_LOOP_ANALYSIS = YES;
				CLANG_WARN_STRICT_PROTOTYPES = YES;
				CLANG_WARN_SUSPICIOUS_MOVE = YES;
				CLANG_WARN_UNGUARDED_AVAILABILITY = YES_AGGRESSIVE;
				CLANG_WARN_UNREACHABLE_CODE = YES;
				CLANG_WARN__DUPLICATE_METHOD_MATCH = YES;
				COPY_PHASE_STRIP = NO;
				DEBUG_INFORMATION_FORMAT = "dwarf-with-dsym";
				ENABLE_NS_ASSERTIONS = NO;
				ENABLE_STRICT_OBJC_MSGSEND = YES;
				GCC_C_LANGUAGE_STANDARD = gnu11;
				GCC_NO_COMMON_BLOCKS = YES;
				GCC_WARN_64_TO_32_BIT_CONVERSION = YES;
				GCC_WARN_ABOUT_RETURN_TYPE = YES_ERROR;
				GCC_WARN_UNDECLARED_SELECTOR = YES;
				GCC_WARN_UNINITIALIZED_AUTOS = YES_AGGRESSIVE;
				GCC_WARN_UNUSED_FUNCTION = YES;
				GCC_WARN_UNUSED_VARIABLE = YES;
				IPHONEOS_DEPLOYMENT_TARGET = 14.3;
				MTL_ENABLE_DEBUG_INFO = NO;
				MTL_FAST_MATH = YES;
				PRODUCT_BUNDLE_IDENTIFIER = "$(PRODUCT_BUNDLE_IDENTIFIER)";
				SDKROOT = iphoneos;
				SWIFT_COMPILATION_MODE = wholemodule;
				SWIFT_OPTIMIZATION_LEVEL = "-O";
				VALIDATE_PRODUCT = YES;
			};
			name = "Release(Staging)";
		};
		E01D615725B6DF3A007E39FE /* Release(Staging) */ = {
			isa = XCBuildConfiguration;
			baseConfigurationReference = E0FC1C1425B56FE700EDAE4E /* Staging.xcconfig */;
			buildSettings = {
				ASSETCATALOG_COMPILER_APPICON_NAME = AppIcon;
				ASSETCATALOG_COMPILER_GLOBAL_ACCENT_COLOR_NAME = AccentColor;
				CODE_SIGN_STYLE = Automatic;
				FRAMEWORK_SEARCH_PATHS = (
					"$(inherited)",
					"$(PROJECT_DIR)/Carthage/Build/iOS",
				);
				INFOPLIST_FILE = "$(SRCROOT)/iOS-Sample-mvvm/Resources/Info.plist";
				LD_RUNPATH_SEARCH_PATHS = (
					"$(inherited)",
					"@executable_path/Frameworks",
				);
				PRODUCT_BUNDLE_IDENTIFIER = "$(APP_BUNDLE_IDENTIFIER)";
				PRODUCT_NAME = "$(TARGET_NAME)";
				SWIFT_VERSION = 5.0;
				TARGETED_DEVICE_FAMILY = "1,2";
				VALIDATE_WORKSPACE = YES;
			};
			name = "Release(Staging)";
		};
		E01D615825B6DF3A007E39FE /* Release(Staging) */ = {
			isa = XCBuildConfiguration;
			buildSettings = {
				ALWAYS_EMBED_SWIFT_STANDARD_LIBRARIES = YES;
				BUNDLE_LOADER = "$(TEST_HOST)";
				CODE_SIGN_STYLE = Automatic;
				INFOPLIST_FILE = "iOS-Sample-mvvmTests/Info.plist";
				IPHONEOS_DEPLOYMENT_TARGET = 14.3;
				LD_RUNPATH_SEARCH_PATHS = (
					"$(inherited)",
					"@executable_path/Frameworks",
					"@loader_path/Frameworks",
				);
				PRODUCT_BUNDLE_IDENTIFIER = "com.ibtikar.iOS-Sample-mvvmTests";
				PRODUCT_NAME = "$(TARGET_NAME)";
				SWIFT_VERSION = 5.0;
				TARGETED_DEVICE_FAMILY = "1,2";
				TEST_HOST = "$(BUILT_PRODUCTS_DIR)/iOS-Sample-mvvm.app/iOS-Sample-mvvm";
			};
			name = "Release(Staging)";
		};
		E01D615925B6DF3A007E39FE /* Release(Staging) */ = {
			isa = XCBuildConfiguration;
			buildSettings = {
				ALWAYS_EMBED_SWIFT_STANDARD_LIBRARIES = YES;
				CODE_SIGN_STYLE = Automatic;
				INFOPLIST_FILE = "iOS-Sample-mvvmUITests/Info.plist";
				LD_RUNPATH_SEARCH_PATHS = (
					"$(inherited)",
					"@executable_path/Frameworks",
					"@loader_path/Frameworks",
				);
				PRODUCT_BUNDLE_IDENTIFIER = "com.ibtikar.iOS-Sample-mvvmUITests";
				PRODUCT_NAME = "$(TARGET_NAME)";
				SWIFT_VERSION = 5.0;
				TARGETED_DEVICE_FAMILY = "1,2";
				TEST_TARGET_NAME = "iOS-Sample-mvvm";
			};
			name = "Release(Staging)";
		};
		E01D615A25B6DF48007E39FE /* Release(Development) */ = {
			isa = XCBuildConfiguration;
			baseConfigurationReference = E01D614B25B6DE6B007E39FE /* Development.xcconfig */;
			buildSettings = {
				ALWAYS_SEARCH_USER_PATHS = NO;
				CLANG_ANALYZER_NONNULL = YES;
				CLANG_ANALYZER_NUMBER_OBJECT_CONVERSION = YES_AGGRESSIVE;
				CLANG_CXX_LANGUAGE_STANDARD = "gnu++14";
				CLANG_CXX_LIBRARY = "libc++";
				CLANG_ENABLE_MODULES = YES;
				CLANG_ENABLE_OBJC_ARC = YES;
				CLANG_ENABLE_OBJC_WEAK = YES;
				CLANG_WARN_BLOCK_CAPTURE_AUTORELEASING = YES;
				CLANG_WARN_BOOL_CONVERSION = YES;
				CLANG_WARN_COMMA = YES;
				CLANG_WARN_CONSTANT_CONVERSION = YES;
				CLANG_WARN_DEPRECATED_OBJC_IMPLEMENTATIONS = YES;
				CLANG_WARN_DIRECT_OBJC_ISA_USAGE = YES_ERROR;
				CLANG_WARN_DOCUMENTATION_COMMENTS = YES;
				CLANG_WARN_EMPTY_BODY = YES;
				CLANG_WARN_ENUM_CONVERSION = YES;
				CLANG_WARN_INFINITE_RECURSION = YES;
				CLANG_WARN_INT_CONVERSION = YES;
				CLANG_WARN_NON_LITERAL_NULL_CONVERSION = YES;
				CLANG_WARN_OBJC_IMPLICIT_RETAIN_SELF = YES;
				CLANG_WARN_OBJC_LITERAL_CONVERSION = YES;
				CLANG_WARN_OBJC_ROOT_CLASS = YES_ERROR;
				CLANG_WARN_QUOTED_INCLUDE_IN_FRAMEWORK_HEADER = YES;
				CLANG_WARN_RANGE_LOOP_ANALYSIS = YES;
				CLANG_WARN_STRICT_PROTOTYPES = YES;
				CLANG_WARN_SUSPICIOUS_MOVE = YES;
				CLANG_WARN_UNGUARDED_AVAILABILITY = YES_AGGRESSIVE;
				CLANG_WARN_UNREACHABLE_CODE = YES;
				CLANG_WARN__DUPLICATE_METHOD_MATCH = YES;
				COPY_PHASE_STRIP = NO;
				DEBUG_INFORMATION_FORMAT = "dwarf-with-dsym";
				ENABLE_NS_ASSERTIONS = NO;
				ENABLE_STRICT_OBJC_MSGSEND = YES;
				GCC_C_LANGUAGE_STANDARD = gnu11;
				GCC_NO_COMMON_BLOCKS = YES;
				GCC_WARN_64_TO_32_BIT_CONVERSION = YES;
				GCC_WARN_ABOUT_RETURN_TYPE = YES_ERROR;
				GCC_WARN_UNDECLARED_SELECTOR = YES;
				GCC_WARN_UNINITIALIZED_AUTOS = YES_AGGRESSIVE;
				GCC_WARN_UNUSED_FUNCTION = YES;
				GCC_WARN_UNUSED_VARIABLE = YES;
				IPHONEOS_DEPLOYMENT_TARGET = 14.3;
				MTL_ENABLE_DEBUG_INFO = NO;
				MTL_FAST_MATH = YES;
				PRODUCT_BUNDLE_IDENTIFIER = "$(PRODUCT_BUNDLE_IDENTIFIER)";
				SDKROOT = iphoneos;
				SWIFT_COMPILATION_MODE = wholemodule;
				SWIFT_OPTIMIZATION_LEVEL = "-O";
				VALIDATE_PRODUCT = YES;
			};
			name = "Release(Development)";
		};
		E01D615B25B6DF48007E39FE /* Release(Development) */ = {
			isa = XCBuildConfiguration;
			baseConfigurationReference = E01D614B25B6DE6B007E39FE /* Development.xcconfig */;
			buildSettings = {
				ASSETCATALOG_COMPILER_APPICON_NAME = AppIcon;
				ASSETCATALOG_COMPILER_GLOBAL_ACCENT_COLOR_NAME = AccentColor;
				CODE_SIGN_STYLE = Automatic;
				FRAMEWORK_SEARCH_PATHS = (
					"$(inherited)",
					"$(PROJECT_DIR)/Carthage/Build/iOS",
				);
				INFOPLIST_FILE = "$(SRCROOT)/iOS-Sample-mvvm/Resources/Info.plist";
				LD_RUNPATH_SEARCH_PATHS = (
					"$(inherited)",
					"@executable_path/Frameworks",
				);
				PRODUCT_BUNDLE_IDENTIFIER = "$(APP_BUNDLE_IDENTIFIER)";
				PRODUCT_NAME = "$(TARGET_NAME)";
				SWIFT_VERSION = 5.0;
				TARGETED_DEVICE_FAMILY = "1,2";
				VALIDATE_WORKSPACE = YES;
			};
			name = "Release(Development)";
		};
		E01D615C25B6DF48007E39FE /* Release(Development) */ = {
			isa = XCBuildConfiguration;
			buildSettings = {
				ALWAYS_EMBED_SWIFT_STANDARD_LIBRARIES = YES;
				BUNDLE_LOADER = "$(TEST_HOST)";
				CODE_SIGN_STYLE = Automatic;
				INFOPLIST_FILE = "iOS-Sample-mvvmTests/Info.plist";
				IPHONEOS_DEPLOYMENT_TARGET = 14.3;
				LD_RUNPATH_SEARCH_PATHS = (
					"$(inherited)",
					"@executable_path/Frameworks",
					"@loader_path/Frameworks",
				);
				PRODUCT_BUNDLE_IDENTIFIER = "com.ibtikar.iOS-Sample-mvvmTests";
				PRODUCT_NAME = "$(TARGET_NAME)";
				SWIFT_VERSION = 5.0;
				TARGETED_DEVICE_FAMILY = "1,2";
				TEST_HOST = "$(BUILT_PRODUCTS_DIR)/iOS-Sample-mvvm.app/iOS-Sample-mvvm";
			};
			name = "Release(Development)";
		};
		E01D615D25B6DF48007E39FE /* Release(Development) */ = {
			isa = XCBuildConfiguration;
			buildSettings = {
				ALWAYS_EMBED_SWIFT_STANDARD_LIBRARIES = YES;
				CODE_SIGN_STYLE = Automatic;
				INFOPLIST_FILE = "iOS-Sample-mvvmUITests/Info.plist";
				LD_RUNPATH_SEARCH_PATHS = (
					"$(inherited)",
					"@executable_path/Frameworks",
					"@loader_path/Frameworks",
				);
				PRODUCT_BUNDLE_IDENTIFIER = "com.ibtikar.iOS-Sample-mvvmUITests";
				PRODUCT_NAME = "$(TARGET_NAME)";
				SWIFT_VERSION = 5.0;
				TARGETED_DEVICE_FAMILY = "1,2";
				TEST_TARGET_NAME = "iOS-Sample-mvvm";
			};
			name = "Release(Development)";
		};
/* End XCBuildConfiguration section */

/* Begin XCConfigurationList section */
		6040775025B45E1100C8972F /* Build configuration list for PBXProject "iOS-Sample-mvvm" */ = {
			isa = XCConfigurationList;
			buildConfigurations = (
				6040777D25B45E1300C8972F /* Debug(Production) */,
				E01D615225B6DF25007E39FE /* Debug(Development) */,
				E01D614E25B6DEFC007E39FE /* Debug(Staging) */,
				6040777E25B45E1300C8972F /* Release(Production) */,
				E01D615A25B6DF48007E39FE /* Release(Development) */,
				E01D615625B6DF3A007E39FE /* Release(Staging) */,
			);
			defaultConfigurationIsVisible = 0;
			defaultConfigurationName = "Release(Production)";
		};
		6040777F25B45E1300C8972F /* Build configuration list for PBXNativeTarget "iOS-Sample-mvvm" */ = {
			isa = XCConfigurationList;
			buildConfigurations = (
				6040778025B45E1300C8972F /* Debug(Production) */,
				E01D615325B6DF25007E39FE /* Debug(Development) */,
				E01D614F25B6DEFC007E39FE /* Debug(Staging) */,
				6040778125B45E1300C8972F /* Release(Production) */,
				E01D615B25B6DF48007E39FE /* Release(Development) */,
				E01D615725B6DF3A007E39FE /* Release(Staging) */,
			);
			defaultConfigurationIsVisible = 0;
			defaultConfigurationName = "Release(Production)";
		};
		6040778225B45E1300C8972F /* Build configuration list for PBXNativeTarget "iOS-Sample-mvvmTests" */ = {
			isa = XCConfigurationList;
			buildConfigurations = (
				6040778325B45E1300C8972F /* Debug(Production) */,
				E01D615425B6DF25007E39FE /* Debug(Development) */,
				E01D615025B6DEFC007E39FE /* Debug(Staging) */,
				6040778425B45E1300C8972F /* Release(Production) */,
				E01D615C25B6DF48007E39FE /* Release(Development) */,
				E01D615825B6DF3A007E39FE /* Release(Staging) */,
			);
			defaultConfigurationIsVisible = 0;
			defaultConfigurationName = "Release(Production)";
		};
		6040778525B45E1300C8972F /* Build configuration list for PBXNativeTarget "iOS-Sample-mvvmUITests" */ = {
			isa = XCConfigurationList;
			buildConfigurations = (
				6040778625B45E1300C8972F /* Debug(Production) */,
				E01D615525B6DF25007E39FE /* Debug(Development) */,
				E01D615125B6DEFC007E39FE /* Debug(Staging) */,
				6040778725B45E1300C8972F /* Release(Production) */,
				E01D615D25B6DF48007E39FE /* Release(Development) */,
				E01D615925B6DF3A007E39FE /* Release(Staging) */,
			);
			defaultConfigurationIsVisible = 0;
			defaultConfigurationName = "Release(Production)";
		};
/* End XCConfigurationList section */

/* Begin XCRemoteSwiftPackageReference section */
		60C3484425B5BCBE00BD03AC /* XCRemoteSwiftPackageReference "Moya" */ = {
			isa = XCRemoteSwiftPackageReference;
			repositoryURL = "https://github.com/Moya/Moya.git";
			requirement = {
				kind = upToNextMajorVersion;
				minimumVersion = 14.0.0;
			};
		};
/* End XCRemoteSwiftPackageReference section */

/* Begin XCSwiftPackageProductDependency section */
		60C3484525B5BCBE00BD03AC /* Moya */ = {
			isa = XCSwiftPackageProductDependency;
			package = 60C3484425B5BCBE00BD03AC /* XCRemoteSwiftPackageReference "Moya" */;
			productName = Moya;
		};
/* End XCSwiftPackageProductDependency section */
	};
	rootObject = 6040774D25B45E1100C8972F /* Project object */;
}
